PODS:
  - Alamofire (4.8.0)
  - Crashlytics (3.9.3):
    - Fabric (~> 1.7.2)
  - Down (0.6.2)
  - Fabric (1.7.13)
  - Firebase/Core (5.15.0):
    - Firebase/CoreOnly
    - FirebaseAnalytics (= 5.4.0)
  - Firebase/CoreOnly (5.15.0):
    - FirebaseCore (= 5.1.10)
  - Firebase/Database (5.15.0):
    - Firebase/CoreOnly
    - FirebaseDatabase (= 5.0.4)
  - Firebase/DynamicLinks (5.15.0):
    - Firebase/CoreOnly
    - FirebaseDynamicLinks (= 3.3.0)
  - Firebase/Messaging (5.15.0):
    - Firebase/CoreOnly
    - FirebaseMessaging (= 3.2.2)
  - Firebase/Performance (5.15.0):
    - Firebase/Core
    - FirebasePerformance (= 2.2.2)
  - Firebase/RemoteConfig (5.15.0):
    - Firebase/Core
    - FirebaseRemoteConfig (= 3.1.0)
  - Firebase/Storage (5.15.0):
    - Firebase/CoreOnly
    - FirebaseStorage (= 3.0.3)
  - FirebaseABTesting (2.0.0):
    - FirebaseCore (~> 5.0)
    - Protobuf (~> 3.5)
  - FirebaseAnalytics (5.4.0):
    - FirebaseCore (~> 5.1)
    - FirebaseInstanceID (~> 3.3)
    - GoogleAppMeasurement (= 5.4.0)
    - GoogleUtilities/AppDelegateSwizzler (~> 5.2)
    - GoogleUtilities/MethodSwizzler (~> 5.2)
    - GoogleUtilities/Network (~> 5.2)
    - "GoogleUtilities/NSData+zlib (~> 5.2)"
    - nanopb (~> 0.3)
  - FirebaseAnalyticsInterop (1.1.0)
  - FirebaseAuthInterop (1.0.0)
  - FirebaseCore (5.1.10):
    - GoogleUtilities/Logger (~> 5.2)
  - FirebaseDatabase (5.0.4):
    - FirebaseAuthInterop (~> 1.0)
    - FirebaseCore (~> 5.1)
    - leveldb-library (~> 1.18)
  - FirebaseDynamicLinks (3.3.0):
    - FirebaseAnalytics (~> 5.1)
    - FirebaseAnalyticsInterop (~> 1.0)
    - FirebaseCore (~> 5.1)
  - FirebaseInstanceID (3.3.0):
    - FirebaseCore (~> 5.1)
    - GoogleUtilities/Environment (~> 5.3)
    - GoogleUtilities/UserDefaults (~> 5.3)
  - FirebaseMessaging (3.2.2):
    - FirebaseAnalyticsInterop (~> 1.1)
    - FirebaseCore (~> 5.1)
    - FirebaseInstanceID (~> 3.0)
    - GoogleUtilities/Environment (~> 5.2)
    - GoogleUtilities/Reachability (~> 5.2)
    - Protobuf (~> 3.1)
  - FirebasePerformance (2.2.2):
    - FirebaseAnalytics (~> 5.4)
    - FirebaseInstanceID (~> 3.3)
    - FirebaseRemoteConfig (~> 3.1)
    - GoogleToolboxForMac/Logger (~> 2.1)
    - "GoogleToolboxForMac/NSData+zlib (~> 2.1)"
    - GoogleUtilities/ISASwizzler (~> 5.2)
    - GoogleUtilities/MethodSwizzler (~> 5.2)
    - GTMSessionFetcher/Core (~> 1.1)
    - Protobuf (~> 3.5)
  - FirebaseRemoteConfig (3.1.0):
    - FirebaseABTesting (~> 2.0)
    - FirebaseAnalytics (~> 5.3)
    - FirebaseCore (~> 5.1)
    - FirebaseInstanceID (~> 3.3)
    - GoogleUtilities/Environment (~> 5.2)
    - "GoogleUtilities/NSData+zlib (~> 5.2)"
    - Protobuf (~> 3.5)
  - FirebaseStorage (3.0.3):
    - FirebaseAuthInterop (~> 1.0)
    - FirebaseCore (~> 5.1)
    - GTMSessionFetcher/Core (~> 1.1)
  - FoldingCell (4.0.2)
  - GoogleAppMeasurement (5.4.0):
    - GoogleUtilities/AppDelegateSwizzler (~> 5.2)
    - GoogleUtilities/MethodSwizzler (~> 5.2)
    - GoogleUtilities/Network (~> 5.2)
    - "GoogleUtilities/NSData+zlib (~> 5.2)"
    - nanopb (~> 0.3)
  - GoogleToolboxForMac/Defines (2.2.0)
  - GoogleToolboxForMac/Logger (2.2.0):
    - GoogleToolboxForMac/Defines (= 2.2.0)
  - "GoogleToolboxForMac/NSData+zlib (2.2.0)":
    - GoogleToolboxForMac/Defines (= 2.2.0)
  - GoogleUtilities/AppDelegateSwizzler (5.3.6):
    - GoogleUtilities/Environment
    - GoogleUtilities/Logger
    - GoogleUtilities/Network
  - GoogleUtilities/Environment (5.3.6)
  - GoogleUtilities/ISASwizzler (5.3.6)
  - GoogleUtilities/Logger (5.3.6):
    - GoogleUtilities/Environment
  - GoogleUtilities/MethodSwizzler (5.3.6):
    - GoogleUtilities/Logger
  - GoogleUtilities/Network (5.3.6):
    - GoogleUtilities/Logger
    - "GoogleUtilities/NSData+zlib"
    - GoogleUtilities/Reachability
  - "GoogleUtilities/NSData+zlib (5.3.6)"
  - GoogleUtilities/Reachability (5.3.6):
    - GoogleUtilities/Logger
  - GoogleUtilities/UserDefaults (5.3.6):
    - GoogleUtilities/Logger
  - GTMSessionFetcher/Core (1.2.1)
  - KRActivityIndicatorView (3.0.0)
  - KRProgressHUD (3.4.0):
    - KRActivityIndicatorView (= 3.0.0)
  - leveldb-library (1.20)
  - Moya (12.0.1):
    - Moya/Core (= 12.0.1)
  - Moya/Core (12.0.1):
    - Alamofire (~> 4.1)
    - Result (~> 4.0)
  - nanopb (0.3.901):
    - nanopb/decode (= 0.3.901)
    - nanopb/encode (= 0.3.901)
  - nanopb/decode (0.3.901)
  - nanopb/encode (0.3.901)
  - PageMenu (1.3.0)
  - Pastel (0.5.1)
  - Protobuf (3.6.1)
  - Result (4.0.0)
  - SCLAlertView (0.8.1)

DEPENDENCIES:
  - Crashlytics (~> 3.9.3)
  - Down
  - Fabric (~> 1.7.2)
  - Firebase/Core
  - Firebase/Database
  - Firebase/DynamicLinks
  - Firebase/Messaging
  - Firebase/Performance
  - Firebase/RemoteConfig
  - Firebase/Storage
  - FoldingCell
  - KRProgressHUD
  - Moya
  - PageMenu (from `https://github.com/orazz/PageMenu`)
  - Pastel
  - SCLAlertView (from `https://github.com/lindelea/SCLAlertView-Swift`)

SPEC REPOS:
  https://github.com/cocoapods/specs.git:
    - Alamofire
    - Crashlytics
    - Down
    - Fabric
    - Firebase
    - FirebaseABTesting
    - FirebaseAnalytics
    - FirebaseAnalyticsInterop
    - FirebaseAuthInterop
    - FirebaseCore
    - FirebaseDatabase
    - FirebaseDynamicLinks
    - FirebaseInstanceID
    - FirebaseMessaging
    - FirebasePerformance
    - FirebaseRemoteConfig
    - FirebaseStorage
    - FoldingCell
    - GoogleAppMeasurement
    - GoogleToolboxForMac
    - GoogleUtilities
    - GTMSessionFetcher
    - KRActivityIndicatorView
    - KRProgressHUD
    - leveldb-library
    - Moya
    - nanopb
    - Pastel
    - Protobuf
    - Result

EXTERNAL SOURCES:
  PageMenu:
    :git: https://github.com/orazz/PageMenu
  SCLAlertView:
    :git: https://github.com/lindelea/SCLAlertView-Swift

CHECKOUT OPTIONS:
  PageMenu:
    :commit: 2c9e8808eed960e6520e4213a3b1a332afb6cbb1
    :git: https://github.com/orazz/PageMenu
  SCLAlertView:
    :commit: a43930b8da2bef42bcbf7f7c525350c9ed64dbf0
    :git: https://github.com/lindelea/SCLAlertView-Swift

SPEC CHECKSUMS:
  Alamofire: 3ec537f71edc9804815215393ae2b1a8ea33a844
  Crashlytics: dbb07d01876c171c5ccbdf7826410380189e452c
  Down: 8c59a03cb229ef28dfa774b2132da860f3dee0ac
  Fabric: 25d0963b691fc97be566392243ff0ecef5a68338
  Firebase: 8bb9268bff82374f2cbaaabb143e725743c316ae
  FirebaseABTesting: 1f50b8d50f5e3469eea54e7463a7b7fe221d1f5e
  FirebaseAnalytics: c06f9d70577d79074214700a71fd5d39de5550fb
  FirebaseAnalyticsInterop: e5f21be9af6548372e2f0815834ff909bff395a2
  FirebaseAuthInterop: 0ffa57668be100582bb7643d4fcb7615496c41fc
  FirebaseCore: 35747502d9e8c6ee217385ad04446c7c2aaf9c5c
  FirebaseDatabase: 0621689f77528d62b47e1c06ca737c4c19275d1a
  FirebaseDynamicLinks: c713da5f75c324f38fb2d57164bbc1c461aa6739
  FirebaseInstanceID: e2fa4cb35ef5558c200f7f0ad8a53e212215f93e
  FirebaseMessaging: b412996f6a09337d232bb3a6676ce4d1f353d024
  FirebasePerformance: 6f77b930f982a54ad487d3de5523ce641db9dcc9
  FirebaseRemoteConfig: 7e11c65f0769c09bff6947997c209515058c5318
  FirebaseStorage: 3d22c041370593e639fba013d1eb698a8dae2881
  FoldingCell: 352f0211a53f957b885a1b37d5ffa875da90bca5
  GoogleAppMeasurement: 98b71f5e04142793729a5ef23e5b96651ff4b70f
  GoogleToolboxForMac: ff31605b7d66400dcec09bed5861689aebadda4d
  GoogleUtilities: 95996bea7c7d9b8fb811b7507669a4a8762f80c7
  GTMSessionFetcher: 32aeca0aa144acea523e1c8e053089dec2cb98ca
  KRActivityIndicatorView: c414000730a6f4969eeb354bee4f2aebc89c2c2e
  KRProgressHUD: 79c8703f82179fe34b3602f10b30726f887983fa
  leveldb-library: 08cba283675b7ed2d99629a4bc5fd052cd2bb6a5
  Moya: cf730b3cd9e005401ef37a85143aa141a12fd38f
  nanopb: 2901f78ea1b7b4015c860c2fdd1ea2fee1a18d48
  PageMenu: b132da9e56950f0720b8f1c7d9d731f635ebcdcb
  Pastel: b3dd5b8d612dac06ae7c63c97c45c900829bc139
  Protobuf: 1eb9700044745f00181c136ef21b8ff3ad5a0fd5
  Result: 7645bb3f50c2ce726dd0ff2fa7b6f42bbe6c3713
  SCLAlertView: 9fea8ac145c0bd4989ef6abe1d3859b48f458986

PODFILE CHECKSUM: 942325a315bb789071656527d53abedbabccd206

COCOAPODS: 1.5.3
