// !$*UTF8*$!
{
	archiveVersion = 1;
	classes = {
	};
	objectVersion = 50;
	objects = {

/* Begin PBXBuildFile section */
		F29DBB7621381F9E009DA744 /* AppDelegate.swift in Sources */ = {isa = PBXBuildFile; fileRef = F29DBB7521381F9E009DA744 /* AppDelegate.swift */; };
		F29DBB7821381F9E009DA744 /* ViewController.swift in Sources */ = {isa = PBXBuildFile; fileRef = F29DBB7721381F9E009DA744 /* ViewController.swift */; };
		F29DBB7B21381F9E009DA744 /* Main.storyboard in Resources */ = {isa = PBXBuildFile; fileRef = F29DBB7921381F9E009DA744 /* Main.storyboard */; };
		F29DBB7E21381F9E009DA744 /* lindale_ios.xcdatamodeld in Sources */ = {isa = PBXBuildFile; fileRef = F29DBB7C21381F9E009DA744 /* lindale_ios.xcdatamodeld */; };
		F29DBB8021381F9F009DA744 /* Assets.xcassets in Resources */ = {isa = PBXBuildFile; fileRef = F29DBB7F21381F9F009DA744 /* Assets.xcassets */; };
		F29DBB8321381F9F009DA744 /* LaunchScreen.storyboard in Resources */ = {isa = PBXBuildFile; fileRef = F29DBB8121381F9F009DA744 /* LaunchScreen.storyboard */; };
		F29DBB8E21381F9F009DA744 /* lindale_iosTests.swift in Sources */ = {isa = PBXBuildFile; fileRef = F29DBB8D21381F9F009DA744 /* lindale_iosTests.swift */; };
		F29DBB9921381F9F009DA744 /* lindale_iosUITests.swift in Sources */ = {isa = PBXBuildFile; fileRef = F29DBB9821381F9F009DA744 /* lindale_iosUITests.swift */; };
/* End PBXBuildFile section */

/* Begin PBXContainerItemProxy section */
		F29DBB8A21381F9F009DA744 /* PBXContainerItemProxy */ = {
			isa = PBXContainerItemProxy;
			containerPortal = F29DBB6A21381F9E009DA744 /* Project object */;
			proxyType = 1;
			remoteGlobalIDString = F29DBB7121381F9E009DA744;
			remoteInfo = "lindale-ios";
		};
		F29DBB9521381F9F009DA744 /* PBXContainerItemProxy */ = {
			isa = PBXContainerItemProxy;
			containerPortal = F29DBB6A21381F9E009DA744 /* Project object */;
			proxyType = 1;
			remoteGlobalIDString = F29DBB7121381F9E009DA744;
			remoteInfo = "lindale-ios";
		};
/* End PBXContainerItemProxy section */

/* Begin PBXFileReference section */
		F29DBB7221381F9E009DA744 /* lindale-ios.app */ = {isa = PBXFileReference; explicitFileType = wrapper.application; includeInIndex = 0; path = "lindale-ios.app"; sourceTree = BUILT_PRODUCTS_DIR; };
		F29DBB7521381F9E009DA744 /* AppDelegate.swift */ = {isa = PBXFileReference; lastKnownFileType = sourcecode.swift; path = AppDelegate.swift; sourceTree = "<group>"; };
		F29DBB7721381F9E009DA744 /* ViewController.swift */ = {isa = PBXFileReference; lastKnownFileType = sourcecode.swift; path = ViewController.swift; sourceTree = "<group>"; };
		F29DBB7A21381F9E009DA744 /* Base */ = {isa = PBXFileReference; lastKnownFileType = file.storyboard; name = Base; path = Base.lproj/Main.storyboard; sourceTree = "<group>"; };
		F29DBB7D21381F9E009DA744 /* lindale_ios.xcdatamodel */ = {isa = PBXFileReference; lastKnownFileType = wrapper.xcdatamodel; path = lindale_ios.xcdatamodel; sourceTree = "<group>"; };
		F29DBB7F21381F9F009DA744 /* Assets.xcassets */ = {isa = PBXFileReference; lastKnownFileType = folder.assetcatalog; path = Assets.xcassets; sourceTree = "<group>"; };
		F29DBB8221381F9F009DA744 /* Base */ = {isa = PBXFileReference; lastKnownFileType = file.storyboard; name = Base; path = Base.lproj/LaunchScreen.storyboard; sourceTree = "<group>"; };
		F29DBB8421381F9F009DA744 /* Info.plist */ = {isa = PBXFileReference; lastKnownFileType = text.plist.xml; path = Info.plist; sourceTree = "<group>"; };
		F29DBB8921381F9F009DA744 /* lindale-iosTests.xctest */ = {isa = PBXFileReference; explicitFileType = wrapper.cfbundle; includeInIndex = 0; path = "lindale-iosTests.xctest"; sourceTree = BUILT_PRODUCTS_DIR; };
		F29DBB8D21381F9F009DA744 /* lindale_iosTests.swift */ = {isa = PBXFileReference; lastKnownFileType = sourcecode.swift; path = lindale_iosTests.swift; sourceTree = "<group>"; };
		F29DBB8F21381F9F009DA744 /* Info.plist */ = {isa = PBXFileReference; lastKnownFileType = text.plist.xml; path = Info.plist; sourceTree = "<group>"; };
		F29DBB9421381F9F009DA744 /* lindale-iosUITests.xctest */ = {isa = PBXFileReference; explicitFileType = wrapper.cfbundle; includeInIndex = 0; path = "lindale-iosUITests.xctest"; sourceTree = BUILT_PRODUCTS_DIR; };
		F29DBB9821381F9F009DA744 /* lindale_iosUITests.swift */ = {isa = PBXFileReference; lastKnownFileType = sourcecode.swift; path = lindale_iosUITests.swift; sourceTree = "<group>"; };
		F29DBB9A21381F9F009DA744 /* Info.plist */ = {isa = PBXFileReference; lastKnownFileType = text.plist.xml; path = Info.plist; sourceTree = "<group>"; };
/* End PBXFileReference section */

/* Begin PBXFrameworksBuildPhase section */
		F29DBB6F21381F9E009DA744 /* Frameworks */ = {
			isa = PBXFrameworksBuildPhase;
			buildActionMask = 2147483647;
			files = (
			);
			runOnlyForDeploymentPostprocessing = 0;
		};
		F29DBB8621381F9F009DA744 /* Frameworks */ = {
			isa = PBXFrameworksBuildPhase;
			buildActionMask = 2147483647;
			files = (
			);
			runOnlyForDeploymentPostprocessing = 0;
		};
		F29DBB9121381F9F009DA744 /* Frameworks */ = {
			isa = PBXFrameworksBuildPhase;
			buildActionMask = 2147483647;
			files = (
			);
			runOnlyForDeploymentPostprocessing = 0;
		};
/* End PBXFrameworksBuildPhase section */

/* Begin PBXGroup section */
		F29DBB6921381F9E009DA744 = {
			isa = PBXGroup;
			children = (
				F29DBB7421381F9E009DA744 /* lindale-ios */,
				F29DBB8C21381F9F009DA744 /* lindale-iosTests */,
				F29DBB9721381F9F009DA744 /* lindale-iosUITests */,
				F29DBB7321381F9E009DA744 /* Products */,
			);
			sourceTree = "<group>";
		};
		F29DBB7321381F9E009DA744 /* Products */ = {
			isa = PBXGroup;
			children = (
				F29DBB7221381F9E009DA744 /* lindale-ios.app */,
				F29DBB8921381F9F009DA744 /* lindale-iosTests.xctest */,
				F29DBB9421381F9F009DA744 /* lindale-iosUITests.xctest */,
			);
			name = Products;
			sourceTree = "<group>";
		};
		F29DBB7421381F9E009DA744 /* lindale-ios */ = {
			isa = PBXGroup;
			children = (
				F29DBB7521381F9E009DA744 /* AppDelegate.swift */,
				F29DBB7721381F9E009DA744 /* ViewController.swift */,
				F29DBB7921381F9E009DA744 /* Main.storyboard */,
				F29DBB7F21381F9F009DA744 /* Assets.xcassets */,
				F29DBB8121381F9F009DA744 /* LaunchScreen.storyboard */,
				F29DBB8421381F9F009DA744 /* Info.plist */,
				F29DBB7C21381F9E009DA744 /* lindale_ios.xcdatamodeld */,
			);
			path = "lindale-ios";
			sourceTree = "<group>";
		};
		F29DBB8C21381F9F009DA744 /* lindale-iosTests */ = {
			isa = PBXGroup;
			children = (
				F29DBB8D21381F9F009DA744 /* lindale_iosTests.swift */,
				F29DBB8F21381F9F009DA744 /* Info.plist */,
			);
			path = "lindale-iosTests";
			sourceTree = "<group>";
		};
		F29DBB9721381F9F009DA744 /* lindale-iosUITests */ = {
			isa = PBXGroup;
			children = (
				F29DBB9821381F9F009DA744 /* lindale_iosUITests.swift */,
				F29DBB9A21381F9F009DA744 /* Info.plist */,
			);
			path = "lindale-iosUITests";
			sourceTree = "<group>";
		};
/* End PBXGroup section */

/* Begin PBXNativeTarget section */
		F29DBB7121381F9E009DA744 /* lindale-ios */ = {
			isa = PBXNativeTarget;
			buildConfigurationList = F29DBB9D21381F9F009DA744 /* Build configuration list for PBXNativeTarget "lindale-ios" */;
			buildPhases = (
				F29DBB6E21381F9E009DA744 /* Sources */,
				F29DBB6F21381F9E009DA744 /* Frameworks */,
				F29DBB7021381F9E009DA744 /* Resources */,
			);
			buildRules = (
			);
			dependencies = (
			);
			name = "lindale-ios";
			productName = "lindale-ios";
			productReference = F29DBB7221381F9E009DA744 /* lindale-ios.app */;
			productType = "com.apple.product-type.application";
		};
		F29DBB8821381F9F009DA744 /* lindale-iosTests */ = {
			isa = PBXNativeTarget;
			buildConfigurationList = F29DBBA021381F9F009DA744 /* Build configuration list for PBXNativeTarget "lindale-iosTests" */;
			buildPhases = (
				F29DBB8521381F9F009DA744 /* Sources */,
				F29DBB8621381F9F009DA744 /* Frameworks */,
				F29DBB8721381F9F009DA744 /* Resources */,
			);
			buildRules = (
			);
			dependencies = (
				F29DBB8B21381F9F009DA744 /* PBXTargetDependency */,
			);
			name = "lindale-iosTests";
			productName = "lindale-iosTests";
			productReference = F29DBB8921381F9F009DA744 /* lindale-iosTests.xctest */;
			productType = "com.apple.product-type.bundle.unit-test";
		};
		F29DBB9321381F9F009DA744 /* lindale-iosUITests */ = {
			isa = PBXNativeTarget;
			buildConfigurationList = F29DBBA321381F9F009DA744 /* Build configuration list for PBXNativeTarget "lindale-iosUITests" */;
			buildPhases = (
				F29DBB9021381F9F009DA744 /* Sources */,
				F29DBB9121381F9F009DA744 /* Frameworks */,
				F29DBB9221381F9F009DA744 /* Resources */,
			);
			buildRules = (
			);
			dependencies = (
				F29DBB9621381F9F009DA744 /* PBXTargetDependency */,
			);
			name = "lindale-iosUITests";
			productName = "lindale-iosUITests";
			productReference = F29DBB9421381F9F009DA744 /* lindale-iosUITests.xctest */;
			productType = "com.apple.product-type.bundle.ui-testing";
		};
/* End PBXNativeTarget section */

/* Begin PBXProject section */
		F29DBB6A21381F9E009DA744 /* Project object */ = {
			isa = PBXProject;
			attributes = {
				LastSwiftUpdateCheck = 0940;
				LastUpgradeCheck = 0940;
				ORGANIZATIONNAME = lindelin;
				TargetAttributes = {
					F29DBB7121381F9E009DA744 = {
						CreatedOnToolsVersion = 9.4.1;
					};
					F29DBB8821381F9F009DA744 = {
						CreatedOnToolsVersion = 9.4.1;
						TestTargetID = F29DBB7121381F9E009DA744;
					};
					F29DBB9321381F9F009DA744 = {
						CreatedOnToolsVersion = 9.4.1;
						TestTargetID = F29DBB7121381F9E009DA744;
					};
				};
			};
			buildConfigurationList = F29DBB6D21381F9E009DA744 /* Build configuration list for PBXProject "lindale-ios" */;
			compatibilityVersion = "Xcode 9.3";
			developmentRegion = en;
			hasScannedForEncodings = 0;
			knownRegions = (
				en,
				Base,
			);
			mainGroup = F29DBB6921381F9E009DA744;
			productRefGroup = F29DBB7321381F9E009DA744 /* Products */;
			projectDirPath = "";
			projectRoot = "";
			targets = (
				F29DBB7121381F9E009DA744 /* lindale-ios */,
				F29DBB8821381F9F009DA744 /* lindale-iosTests */,
				F29DBB9321381F9F009DA744 /* lindale-iosUITests */,
			);
		};
/* End PBXProject section */

/* Begin PBXResourcesBuildPhase section */
		F29DBB7021381F9E009DA744 /* Resources */ = {
			isa = PBXResourcesBuildPhase;
			buildActionMask = 2147483647;
			files = (
				F29DBB8321381F9F009DA744 /* LaunchScreen.storyboard in Resources */,
				F29DBB8021381F9F009DA744 /* Assets.xcassets in Resources */,
				F29DBB7B21381F9E009DA744 /* Main.storyboard in Resources */,
			);
			runOnlyForDeploymentPostprocessing = 0;
		};
		F29DBB8721381F9F009DA744 /* Resources */ = {
			isa = PBXResourcesBuildPhase;
			buildActionMask = 2147483647;
			files = (
			);
			runOnlyForDeploymentPostprocessing = 0;
		};
		F29DBB9221381F9F009DA744 /* Resources */ = {
			isa = PBXResourcesBuildPhase;
			buildActionMask = 2147483647;
			files = (
			);
			runOnlyForDeploymentPostprocessing = 0;
		};
/* End PBXResourcesBuildPhase section */

/* Begin PBXSourcesBuildPhase section */
		F29DBB6E21381F9E009DA744 /* Sources */ = {
			isa = PBXSourcesBuildPhase;
			buildActionMask = 2147483647;
			files = (
				F29DBB7E21381F9E009DA744 /* lindale_ios.xcdatamodeld in Sources */,
				F29DBB7821381F9E009DA744 /* ViewController.swift in Sources */,
				F29DBB7621381F9E009DA744 /* AppDelegate.swift in Sources */,
			);
			runOnlyForDeploymentPostprocessing = 0;
		};
		F29DBB8521381F9F009DA744 /* Sources */ = {
			isa = PBXSourcesBuildPhase;
			buildActionMask = 2147483647;
			files = (
				F29DBB8E21381F9F009DA744 /* lindale_iosTests.swift in Sources */,
			);
			runOnlyForDeploymentPostprocessing = 0;
		};
		F29DBB9021381F9F009DA744 /* Sources */ = {
			isa = PBXSourcesBuildPhase;
			buildActionMask = 2147483647;
			files = (
				F29DBB9921381F9F009DA744 /* lindale_iosUITests.swift in Sources */,
			);
			runOnlyForDeploymentPostprocessing = 0;
		};
/* End PBXSourcesBuildPhase section */

/* Begin PBXTargetDependency section */
		F29DBB8B21381F9F009DA744 /* PBXTargetDependency */ = {
			isa = PBXTargetDependency;
			target = F29DBB7121381F9E009DA744 /* lindale-ios */;
			targetProxy = F29DBB8A21381F9F009DA744 /* PBXContainerItemProxy */;
		};
		F29DBB9621381F9F009DA744 /* PBXTargetDependency */ = {
			isa = PBXTargetDependency;
			target = F29DBB7121381F9E009DA744 /* lindale-ios */;
			targetProxy = F29DBB9521381F9F009DA744 /* PBXContainerItemProxy */;
		};
/* End PBXTargetDependency section */

/* Begin PBXVariantGroup section */
		F29DBB7921381F9E009DA744 /* Main.storyboard */ = {
			isa = PBXVariantGroup;
			children = (
				F29DBB7A21381F9E009DA744 /* Base */,
			);
			name = Main.storyboard;
			sourceTree = "<group>";
		};
		F29DBB8121381F9F009DA744 /* LaunchScreen.storyboard */ = {
			isa = PBXVariantGroup;
			children = (
				F29DBB8221381F9F009DA744 /* Base */,
			);
			name = LaunchScreen.storyboard;
			sourceTree = "<group>";
		};
/* End PBXVariantGroup section */

/* Begin XCBuildConfiguration section */
		F29DBB9B21381F9F009DA744 /* Debug */ = {
			isa = XCBuildConfiguration;
			buildSettings = {
				ALWAYS_SEARCH_USER_PATHS = NO;
				CLANG_ANALYZER_NONNULL = YES;
				CLANG_ANALYZER_NUMBER_OBJECT_CONVERSION = YES_AGGRESSIVE;
				CLANG_CXX_LANGUAGE_STANDARD = "gnu++14";
				CLANG_CXX_LIBRARY = "libc++";
				CLANG_ENABLE_MODULES = YES;
				CLANG_ENABLE_OBJC_ARC = YES;
				CLANG_ENABLE_OBJC_WEAK = YES;
				CLANG_WARN_BLOCK_CAPTURE_AUTORELEASING = YES;
				CLANG_WARN_BOOL_CONVERSION = YES;
				CLANG_WARN_COMMA = YES;
				CLANG_WARN_CONSTANT_CONVERSION = YES;
				CLANG_WARN_DEPRECATED_OBJC_IMPLEMENTATIONS = YES;
				CLANG_WARN_DIRECT_OBJC_ISA_USAGE = YES_ERROR;
				CLANG_WARN_DOCUMENTATION_COMMENTS = YES;
				CLANG_WARN_EMPTY_BODY = YES;
				CLANG_WARN_ENUM_CONVERSION = YES;
				CLANG_WARN_INFINITE_RECURSION = YES;
				CLANG_WARN_INT_CONVERSION = YES;
				CLANG_WARN_NON_LITERAL_NULL_CONVERSION = YES;
				CLANG_WARN_OBJC_IMPLICIT_RETAIN_SELF = YES;
				CLANG_WARN_OBJC_LITERAL_CONVERSION = YES;
				CLANG_WARN_OBJC_ROOT_CLASS = YES_ERROR;
				CLANG_WARN_RANGE_LOOP_ANALYSIS = YES;
				CLANG_WARN_STRICT_PROTOTYPES = YES;
				CLANG_WARN_SUSPICIOUS_MOVE = YES;
				CLANG_WARN_UNGUARDED_AVAILABILITY = YES_AGGRESSIVE;
				CLANG_WARN_UNREACHABLE_CODE = YES;
				CLANG_WARN__DUPLICATE_METHOD_MATCH = YES;
				CODE_SIGN_IDENTITY = "iPhone Developer";
				COPY_PHASE_STRIP = NO;
				DEBUG_INFORMATION_FORMAT = dwarf;
				ENABLE_STRICT_OBJC_MSGSEND = YES;
				ENABLE_TESTABILITY = YES;
				GCC_C_LANGUAGE_STANDARD = gnu11;
				GCC_DYNAMIC_NO_PIC = NO;
				GCC_NO_COMMON_BLOCKS = YES;
				GCC_OPTIMIZATION_LEVEL = 0;
				GCC_PREPROCESSOR_DEFINITIONS = (
					"DEBUG=1",
					"$(inherited)",
				);
				GCC_WARN_64_TO_32_BIT_CONVERSION = YES;
				GCC_WARN_ABOUT_RETURN_TYPE = YES_ERROR;
				GCC_WARN_UNDECLARED_SELECTOR = YES;
				GCC_WARN_UNINITIALIZED_AUTOS = YES_AGGRESSIVE;
				GCC_WARN_UNUSED_FUNCTION = YES;
				GCC_WARN_UNUSED_VARIABLE = YES;
				IPHONEOS_DEPLOYMENT_TARGET = 11.4;
				MTL_ENABLE_DEBUG_INFO = YES;
				ONLY_ACTIVE_ARCH = YES;
				SDKROOT = iphoneos;
				SWIFT_ACTIVE_COMPILATION_CONDITIONS = DEBUG;
				SWIFT_OPTIMIZATION_LEVEL = "-Onone";
			};
			name = Debug;
		};
		F29DBB9C21381F9F009DA744 /* Release */ = {
			isa = XCBuildConfiguration;
			buildSettings = {
				ALWAYS_SEARCH_USER_PATHS = NO;
				CLANG_ANALYZER_NONNULL = YES;
				CLANG_ANALYZER_NUMBER_OBJECT_CONVERSION = YES_AGGRESSIVE;
				CLANG_CXX_LANGUAGE_STANDARD = "gnu++14";
				CLANG_CXX_LIBRARY = "libc++";
				CLANG_ENABLE_MODULES = YES;
				CLANG_ENABLE_OBJC_ARC = YES;
				CLANG_ENABLE_OBJC_WEAK = YES;
				CLANG_WARN_BLOCK_CAPTURE_AUTORELEASING = YES;
				CLANG_WARN_BOOL_CONVERSION = YES;
				CLANG_WARN_COMMA = YES;
				CLANG_WARN_CONSTANT_CONVERSION = YES;
				CLANG_WARN_DEPRECATED_OBJC_IMPLEMENTATIONS = YES;
				CLANG_WARN_DIRECT_OBJC_ISA_USAGE = YES_ERROR;
				CLANG_WARN_DOCUMENTATION_COMMENTS = YES;
				CLANG_WARN_EMPTY_BODY = YES;
				CLANG_WARN_ENUM_CONVERSION = YES;
				CLANG_WARN_INFINITE_RECURSION = YES;
				CLANG_WARN_INT_CONVERSION = YES;
				CLANG_WARN_NON_LITERAL_NULL_CONVERSION = YES;
				CLANG_WARN_OBJC_IMPLICIT_RETAIN_SELF = YES;
				CLANG_WARN_OBJC_LITERAL_CONVERSION = YES;
				CLANG_WARN_OBJC_ROOT_CLASS = YES_ERROR;
				CLANG_WARN_RANGE_LOOP_ANALYSIS = YES;
				CLANG_WARN_STRICT_PROTOTYPES = YES;
				CLANG_WARN_SUSPICIOUS_MOVE = YES;
				CLANG_WARN_UNGUARDED_AVAILABILITY = YES_AGGRESSIVE;
				CLANG_WARN_UNREACHABLE_CODE = YES;
				CLANG_WARN__DUPLICATE_METHOD_MATCH = YES;
				CODE_SIGN_IDENTITY = "iPhone Developer";
				COPY_PHASE_STRIP = NO;
				DEBUG_INFORMATION_FORMAT = "dwarf-with-dsym";
				ENABLE_NS_ASSERTIONS = NO;
				ENABLE_STRICT_OBJC_MSGSEND = YES;
				GCC_C_LANGUAGE_STANDARD = gnu11;
				GCC_NO_COMMON_BLOCKS = YES;
				GCC_WARN_64_TO_32_BIT_CONVERSION = YES;
				GCC_WARN_ABOUT_RETURN_TYPE = YES_ERROR;
				GCC_WARN_UNDECLARED_SELECTOR = YES;
				GCC_WARN_UNINITIALIZED_AUTOS = YES_AGGRESSIVE;
				GCC_WARN_UNUSED_FUNCTION = YES;
				GCC_WARN_UNUSED_VARIABLE = YES;
				IPHONEOS_DEPLOYMENT_TARGET = 11.4;
				MTL_ENABLE_DEBUG_INFO = NO;
				SDKROOT = iphoneos;
				SWIFT_COMPILATION_MODE = wholemodule;
				SWIFT_OPTIMIZATION_LEVEL = "-O";
				VALIDATE_PRODUCT = YES;
			};
			name = Release;
		};
		F29DBB9E21381F9F009DA744 /* Debug */ = {
			isa = XCBuildConfiguration;
			buildSettings = {
				ASSETCATALOG_COMPILER_APPICON_NAME = AppIcon;
				CODE_SIGN_STYLE = Automatic;
				DEVELOPMENT_TEAM = QDZ72V563C;
				INFOPLIST_FILE = "lindale-ios/Info.plist";
				LD_RUNPATH_SEARCH_PATHS = (
					"$(inherited)",
					"@executable_path/Frameworks",
				);
				PRODUCT_BUNDLE_IDENTIFIER = "com.lindelin.lindale-ios";
				PRODUCT_NAME = "$(TARGET_NAME)";
				SWIFT_VERSION = 4.0;
				TARGETED_DEVICE_FAMILY = "1,2";
			};
			name = Debug;
		};
		F29DBB9F21381F9F009DA744 /* Release */ = {
			isa = XCBuildConfiguration;
			buildSettings = {
				ASSETCATALOG_COMPILER_APPICON_NAME = AppIcon;
				CODE_SIGN_STYLE = Automatic;
				DEVELOPMENT_TEAM = QDZ72V563C;
				INFOPLIST_FILE = "lindale-ios/Info.plist";
				LD_RUNPATH_SEARCH_PATHS = (
					"$(inherited)",
					"@executable_path/Frameworks",
				);
				PRODUCT_BUNDLE_IDENTIFIER = "com.lindelin.lindale-ios";
				PRODUCT_NAME = "$(TARGET_NAME)";
				SWIFT_VERSION = 4.0;
				TARGETED_DEVICE_FAMILY = "1,2";
			};
			name = Release;
		};
		F29DBBA121381F9F009DA744 /* Debug */ = {
			isa = XCBuildConfiguration;
			buildSettings = {
				ALWAYS_EMBED_SWIFT_STANDARD_LIBRARIES = YES;
				BUNDLE_LOADER = "$(TEST_HOST)";
				CODE_SIGN_STYLE = Automatic;
				DEVELOPMENT_TEAM = QDZ72V563C;
				INFOPLIST_FILE = "lindale-iosTests/Info.plist";
				LD_RUNPATH_SEARCH_PATHS = (
					"$(inherited)",
					"@executable_path/Frameworks",
					"@loader_path/Frameworks",
				);
				PRODUCT_BUNDLE_IDENTIFIER = "com.lindelin.lindale-iosTests";
				PRODUCT_NAME = "$(TARGET_NAME)";
				SWIFT_VERSION = 4.0;
				TARGETED_DEVICE_FAMILY = "1,2";
				TEST_HOST = "$(BUILT_PRODUCTS_DIR)/lindale-ios.app/lindale-ios";
			};
			name = Debug;
		};
		F29DBBA221381F9F009DA744 /* Release */ = {
			isa = XCBuildConfiguration;
			buildSettings = {
				ALWAYS_EMBED_SWIFT_STANDARD_LIBRARIES = YES;
				BUNDLE_LOADER = "$(TEST_HOST)";
				CODE_SIGN_STYLE = Automatic;
				DEVELOPMENT_TEAM = QDZ72V563C;
				INFOPLIST_FILE = "lindale-iosTests/Info.plist";
				LD_RUNPATH_SEARCH_PATHS = (
					"$(inherited)",
					"@executable_path/Frameworks",
					"@loader_path/Frameworks",
				);
				PRODUCT_BUNDLE_IDENTIFIER = "com.lindelin.lindale-iosTests";
				PRODUCT_NAME = "$(TARGET_NAME)";
				SWIFT_VERSION = 4.0;
				TARGETED_DEVICE_FAMILY = "1,2";
				TEST_HOST = "$(BUILT_PRODUCTS_DIR)/lindale-ios.app/lindale-ios";
			};
			name = Release;
		};
		F29DBBA421381F9F009DA744 /* Debug */ = {
			isa = XCBuildConfiguration;
			buildSettings = {
				ALWAYS_EMBED_SWIFT_STANDARD_LIBRARIES = YES;
				CODE_SIGN_STYLE = Automatic;
				DEVELOPMENT_TEAM = QDZ72V563C;
				INFOPLIST_FILE = "lindale-iosUITests/Info.plist";
				LD_RUNPATH_SEARCH_PATHS = (
					"$(inherited)",
					"@executable_path/Frameworks",
					"@loader_path/Frameworks",
				);
				PRODUCT_BUNDLE_IDENTIFIER = "com.lindelin.lindale-iosUITests";
				PRODUCT_NAME = "$(TARGET_NAME)";
				SWIFT_VERSION = 4.0;
				TARGETED_DEVICE_FAMILY = "1,2";
				TEST_TARGET_NAME = "lindale-ios";
			};
			name = Debug;
		};
		F29DBBA521381F9F009DA744 /* Release */ = {
			isa = XCBuildConfiguration;
			buildSettings = {
				ALWAYS_EMBED_SWIFT_STANDARD_LIBRARIES = YES;
				CODE_SIGN_STYLE = Automatic;
				DEVELOPMENT_TEAM = QDZ72V563C;
				INFOPLIST_FILE = "lindale-iosUITests/Info.plist";
				LD_RUNPATH_SEARCH_PATHS = (
					"$(inherited)",
					"@executable_path/Frameworks",
					"@loader_path/Frameworks",
				);
				PRODUCT_BUNDLE_IDENTIFIER = "com.lindelin.lindale-iosUITests";
				PRODUCT_NAME = "$(TARGET_NAME)";
				SWIFT_VERSION = 4.0;
				TARGETED_DEVICE_FAMILY = "1,2";
				TEST_TARGET_NAME = "lindale-ios";
			};
			name = Release;
		};
/* End XCBuildConfiguration section */

/* Begin XCConfigurationList section */
		F29DBB6D21381F9E009DA744 /* Build configuration list for PBXProject "lindale-ios" */ = {
			isa = XCConfigurationList;
			buildConfigurations = (
				F29DBB9B21381F9F009DA744 /* Debug */,
				F29DBB9C21381F9F009DA744 /* Release */,
			);
			defaultConfigurationIsVisible = 0;
			defaultConfigurationName = Release;
		};
		F29DBB9D21381F9F009DA744 /* Build configuration list for PBXNativeTarget "lindale-ios" */ = {
			isa = XCConfigurationList;
			buildConfigurations = (
				F29DBB9E21381F9F009DA744 /* Debug */,
				F29DBB9F21381F9F009DA744 /* Release */,
			);
			defaultConfigurationIsVisible = 0;
			defaultConfigurationName = Release;
		};
		F29DBBA021381F9F009DA744 /* Build configuration list for PBXNativeTarget "lindale-iosTests" */ = {
			isa = XCConfigurationList;
			buildConfigurations = (
				F29DBBA121381F9F009DA744 /* Debug */,
				F29DBBA221381F9F009DA744 /* Release */,
			);
			defaultConfigurationIsVisible = 0;
			defaultConfigurationName = Release;
		};
		F29DBBA321381F9F009DA744 /* Build configuration list for PBXNativeTarget "lindale-iosUITests" */ = {
			isa = XCConfigurationList;
			buildConfigurations = (
				F29DBBA421381F9F009DA744 /* Debug */,
				F29DBBA521381F9F009DA744 /* Release */,
			);
			defaultConfigurationIsVisible = 0;
			defaultConfigurationName = Release;
		};
/* End XCConfigurationList section */

/* Begin XCVersionGroup section */
		F29DBB7C21381F9E009DA744 /* lindale_ios.xcdatamodeld */ = {
			isa = XCVersionGroup;
			children = (
				F29DBB7D21381F9E009DA744 /* lindale_ios.xcdatamodel */,
			);
			currentVersion = F29DBB7D21381F9E009DA744 /* lindale_ios.xcdatamodel */;
			path = lindale_ios.xcdatamodeld;
			sourceTree = "<group>";
			versionGroupType = wrapper.xcdatamodel;
		};
/* End XCVersionGroup section */
	};
	rootObject = F29DBB6A21381F9E009DA744 /* Project object */;
}
