// !$*UTF8*$!
{
	archiveVersion = 1;
	classes = {
	};
	objectVersion = 50;
	objects = {

/* Begin PBXBuildFile section */
		17BDDCE3D42C9CA389E34039 /* Pods_lindale_watch_Extension.framework in Frameworks */ = {isa = PBXBuildFile; fileRef = 7F5BA4B166B89195491F1EF6 /* Pods_lindale_watch_Extension.framework */; };
		8C2301F51F4B1F6B9C8A3AB6 /* Pods_lindale_ios.framework in Frameworks */ = {isa = PBXBuildFile; fileRef = F6B8729374BB005277964279 /* Pods_lindale_ios.framework */; };
		A8250EC2217195C50084C5CE /* MyTaskDetailController.swift in Sources */ = {isa = PBXBuildFile; fileRef = A8250EC1217195C50084C5CE /* MyTaskDetailController.swift */; };
		A852D21A214802AC00C2221D /* ProfileStatusCell.swift in Sources */ = {isa = PBXBuildFile; fileRef = A852D219214802AC00C2221D /* ProfileStatusCell.swift */; };
		A86384012171C6AC00837E1B /* TaskBasicInfoCell.swift in Sources */ = {isa = PBXBuildFile; fileRef = A86384002171C6AC00837E1B /* TaskBasicInfoCell.swift */; };
		A86384032171CB7F00837E1B /* TaskUserInfoCell.swift in Sources */ = {isa = PBXBuildFile; fileRef = A86384022171CB7F00837E1B /* TaskUserInfoCell.swift */; };
		A86384052171CBC900837E1B /* TaskInfoCell.swift in Sources */ = {isa = PBXBuildFile; fileRef = A86384042171CBC900837E1B /* TaskInfoCell.swift */; };
		A876AA76214CA57200425ECA /* MyTodo.storyboard in Resources */ = {isa = PBXBuildFile; fileRef = A876AA75214CA57200425ECA /* MyTodo.storyboard */; };
		A876AA78214CA69300425ECA /* Settings.storyboard in Resources */ = {isa = PBXBuildFile; fileRef = A876AA77214CA69300425ECA /* Settings.storyboard */; };
		A87EEFB3214A92F5009C8E61 /* Helpers.swift in Sources */ = {isa = PBXBuildFile; fileRef = A87EEFB2214A92F5009C8E61 /* Helpers.swift */; };
		A880F779216B4B33007791DD /* SyncController.swift in Sources */ = {isa = PBXBuildFile; fileRef = A880F778216B4B33007791DD /* SyncController.swift */; };
		A880F77B216B95AC007791DD /* DefaultTodoRow.swift in Sources */ = {isa = PBXBuildFile; fileRef = A880F77A216B95AC007791DD /* DefaultTodoRow.swift */; };
		A880F77D216B9685007791DD /* Todo.swift in Sources */ = {isa = PBXBuildFile; fileRef = A880F77C216B9685007791DD /* Todo.swift */; };
		A880F77F216B97B1007791DD /* TodosController.swift in Sources */ = {isa = PBXBuildFile; fileRef = A880F77E216B97B1007791DD /* TodosController.swift */; };
		A89F87D621722D0A004ADEA4 /* SubTaskCell.swift in Sources */ = {isa = PBXBuildFile; fileRef = A89F87D521722D0A004ADEA4 /* SubTaskCell.swift */; };
		A89F87D821723C02004ADEA4 /* Notification.swift in Sources */ = {isa = PBXBuildFile; fileRef = A89F87D721723C02004ADEA4 /* Notification.swift */; };
		A89F87DA21726541004ADEA4 /* TaskActivityCell.swift in Sources */ = {isa = PBXBuildFile; fileRef = A89F87D921726541004ADEA4 /* TaskActivityCell.swift */; };
		A8C0447C2153DF3B00A75FC1 /* SettingTableViewController.swift in Sources */ = {isa = PBXBuildFile; fileRef = A8C0447B2153DF3B00A75FC1 /* SettingTableViewController.swift */; };
		A8D013D5217CA4DC0099F11A /* ProfileSettingController.swift in Sources */ = {isa = PBXBuildFile; fileRef = A8D013D4217CA4DC0099F11A /* ProfileSettingController.swift */; };
		A8D5A027214422E1002E8D52 /* UITheme.swift in Sources */ = {isa = PBXBuildFile; fileRef = A8D5A026214422E1002E8D52 /* UITheme.swift */; };
		A8DCF832217AECB100839DA4 /* LanguageSettingController.swift in Sources */ = {isa = PBXBuildFile; fileRef = A8DCF831217AECB100839DA4 /* LanguageSettingController.swift */; };
		A8DCF834217AF88300839DA4 /* Setting.swift in Sources */ = {isa = PBXBuildFile; fileRef = A8DCF833217AF88300839DA4 /* Setting.swift */; };
		A8DCF837217AFDF500839DA4 /* LocaleUpdateController.swift in Sources */ = {isa = PBXBuildFile; fileRef = A8DCF836217AFDF500839DA4 /* LocaleUpdateController.swift */; };
		A8DE10A7217B4A1600D1F654 /* AccountSettingController.swift in Sources */ = {isa = PBXBuildFile; fileRef = A8DE10A6217B4A1600D1F654 /* AccountSettingController.swift */; };
		A8DE10AB217B63C300D1F654 /* Errors.swift in Sources */ = {isa = PBXBuildFile; fileRef = A8DE10AA217B63C300D1F654 /* Errors.swift */; };
		A8DE10AE217B76DF00D1F654 /* NotificationSettingController.swift in Sources */ = {isa = PBXBuildFile; fileRef = A8DE10AD217B76DF00D1F654 /* NotificationSettingController.swift */; };
		A8F3563321400486006204D3 /* Project.storyboard in Resources */ = {isa = PBXBuildFile; fileRef = A8F3563221400486006204D3 /* Project.storyboard */; };
		F21C50CC21420CBE008218F4 /* Profile.storyboard in Resources */ = {isa = PBXBuildFile; fileRef = F21C50CB21420CBE008218F4 /* Profile.storyboard */; };
		F21C50CF21420DBB008218F4 /* ProfileTableViewController.swift in Sources */ = {isa = PBXBuildFile; fileRef = F21C50CE21420DBB008218F4 /* ProfileTableViewController.swift */; };
		F22364332148BB8B003D03E8 /* GoogleService-Info.plist in Resources */ = {isa = PBXBuildFile; fileRef = F22364322148BB8B003D03E8 /* GoogleService-Info.plist */; };
		F22364352148F06E003D03E8 /* ProfileFavoriteCell.swift in Sources */ = {isa = PBXBuildFile; fileRef = F22364342148F06E003D03E8 /* ProfileFavoriteCell.swift */; };
		F23226C32170908400846250 /* ActivityViewCell.swift in Sources */ = {isa = PBXBuildFile; fileRef = F23226C22170908400846250 /* ActivityViewCell.swift */; };
		F2403B312147B77E004BF3C8 /* Profile.swift in Sources */ = {isa = PBXBuildFile; fileRef = F2403B302147B77E004BF3C8 /* Profile.swift */; };
		F24FB83F213C086D00045DFA /* Assets.xcassets in Resources */ = {isa = PBXBuildFile; fileRef = F24FB83E213C086D00045DFA /* Assets.xcassets */; };
		F29DBB7621381F9E009DA744 /* AppDelegate.swift in Sources */ = {isa = PBXBuildFile; fileRef = F29DBB7521381F9E009DA744 /* AppDelegate.swift */; };
		F29DBB7B21381F9E009DA744 /* Main.storyboard in Resources */ = {isa = PBXBuildFile; fileRef = F29DBB7921381F9E009DA744 /* Main.storyboard */; };
		F29DBB7E21381F9E009DA744 /* lindale_ios.xcdatamodeld in Sources */ = {isa = PBXBuildFile; fileRef = F29DBB7C21381F9E009DA744 /* lindale_ios.xcdatamodeld */; };
		F29DBB8321381F9F009DA744 /* LaunchScreen.storyboard in Resources */ = {isa = PBXBuildFile; fileRef = F29DBB8121381F9F009DA744 /* LaunchScreen.storyboard */; };
		F2A39AEA214D109100BF2AF7 /* DefaultTodoCell.swift in Sources */ = {isa = PBXBuildFile; fileRef = F2A39AE9214D109100BF2AF7 /* DefaultTodoCell.swift */; };
		F2A39AEC214D120000BF2AF7 /* MyTodoTableViewController.swift in Sources */ = {isa = PBXBuildFile; fileRef = F2A39AEB214D120000BF2AF7 /* MyTodoTableViewController.swift */; };
		F2A4FCBA216586B100E0C35E /* Task.swift in Sources */ = {isa = PBXBuildFile; fileRef = F2A4FCB8216586B100E0C35E /* Task.swift */; };
		F2A4FCBB216586B100E0C35E /* OAuth.swift in Sources */ = {isa = PBXBuildFile; fileRef = F2A4FCB9216586B100E0C35E /* OAuth.swift */; };
		F2A4FCBD216586C700E0C35E /* NetworkService.swift in Sources */ = {isa = PBXBuildFile; fileRef = F2A4FCBC216586C700E0C35E /* NetworkService.swift */; };
		F2B9D7E0218C49B7009A119A /* FoldingTodoCell.swift in Sources */ = {isa = PBXBuildFile; fileRef = F2B9D7DF218C49B7009A119A /* FoldingTodoCell.swift */; };
		F2BB3AAE215215C000AB2632 /* TasksController.swift in Sources */ = {isa = PBXBuildFile; fileRef = F2BB3AAD215215C000AB2632 /* TasksController.swift */; };
		F2BB3AB121524FAD00AB2632 /* DefaultTaskRow.swift in Sources */ = {isa = PBXBuildFile; fileRef = F2BB3AB021524FAD00AB2632 /* DefaultTaskRow.swift */; };
		F2BB3AB3215254B100AB2632 /* UITheme.swift in Sources */ = {isa = PBXBuildFile; fileRef = A8D5A026214422E1002E8D52 /* UITheme.swift */; };
		F2BB3AB42152593E00AB2632 /* Assets.xcassets in Resources */ = {isa = PBXBuildFile; fileRef = F24FB83E213C086D00045DFA /* Assets.xcassets */; };
		F2BB3AB52152593E00AB2632 /* Assets.xcassets in Resources */ = {isa = PBXBuildFile; fileRef = F24FB83E213C086D00045DFA /* Assets.xcassets */; };
		F2CAE16F21382E5F002C04E7 /* LoginViewController.swift in Sources */ = {isa = PBXBuildFile; fileRef = F2CAE16E21382E5F002C04E7 /* LoginViewController.swift */; };
		F2CAE17321382EC7002C04E7 /* Login.storyboard in Resources */ = {isa = PBXBuildFile; fileRef = F2CAE17221382EC7002C04E7 /* Login.storyboard */; };
		F2CAE1782138414C002C04E7 /* UIHelpers.swift in Sources */ = {isa = PBXBuildFile; fileRef = F2CAE1772138414C002C04E7 /* UIHelpers.swift */; };
		F2CAE17D21384A93002C04E7 /* OAuth.swift in Sources */ = {isa = PBXBuildFile; fileRef = F2CAE17C21384A93002C04E7 /* OAuth.swift */; };
		F2CAE18021384B22002C04E7 /* OAuthService.swift in Sources */ = {isa = PBXBuildFile; fileRef = F2CAE17F21384B22002C04E7 /* OAuthService.swift */; };
		F2CAE1822138B559002C04E7 /* MainController.swift in Sources */ = {isa = PBXBuildFile; fileRef = F2CAE1812138B559002C04E7 /* MainController.swift */; };
		F2CAE1842138E410002C04E7 /* Helpers.swift in Sources */ = {isa = PBXBuildFile; fileRef = F2CAE1832138E410002C04E7 /* Helpers.swift */; };
		F2CAE1862138F45F002C04E7 /* NetworkService.swift in Sources */ = {isa = PBXBuildFile; fileRef = F2CAE1852138F45F002C04E7 /* NetworkService.swift */; };
		F2CAE18821390ECC002C04E7 /* Project.swift in Sources */ = {isa = PBXBuildFile; fileRef = F2CAE18721390ECC002C04E7 /* Project.swift */; };
		F2CAE18C21391905002C04E7 /* ProjectsViewController.swift in Sources */ = {isa = PBXBuildFile; fileRef = F2CAE18B21391905002C04E7 /* ProjectsViewController.swift */; };
		F2CAE18E21393610002C04E7 /* ProjectTableViewCell.swift in Sources */ = {isa = PBXBuildFile; fileRef = F2CAE18D21393610002C04E7 /* ProjectTableViewCell.swift */; };
		F2DF020C214E1249003E0033 /* Todo.swift in Sources */ = {isa = PBXBuildFile; fileRef = F2DF020B214E1249003E0033 /* Todo.swift */; };
		F2E0D1E2214A342C00023905 /* Interface.storyboard in Resources */ = {isa = PBXBuildFile; fileRef = F2E0D1E0214A342C00023905 /* Interface.storyboard */; };
		F2E0D1E4214A342D00023905 /* Assets.xcassets in Resources */ = {isa = PBXBuildFile; fileRef = F2E0D1E3214A342D00023905 /* Assets.xcassets */; };
		F2E0D1EB214A342D00023905 /* lindale-watch Extension.appex in Embed App Extensions */ = {isa = PBXBuildFile; fileRef = F2E0D1EA214A342D00023905 /* lindale-watch Extension.appex */; settings = {ATTRIBUTES = (RemoveHeadersOnCopy, ); }; };
		F2E0D1F2214A342D00023905 /* ExtensionDelegate.swift in Sources */ = {isa = PBXBuildFile; fileRef = F2E0D1F1214A342D00023905 /* ExtensionDelegate.swift */; };
		F2E0D1F4214A342D00023905 /* NotificationController.swift in Sources */ = {isa = PBXBuildFile; fileRef = F2E0D1F3214A342D00023905 /* NotificationController.swift */; };
		F2E0D1F6214A342D00023905 /* Assets.xcassets in Resources */ = {isa = PBXBuildFile; fileRef = F2E0D1F5214A342D00023905 /* Assets.xcassets */; };
		F2E0D1FB214A342D00023905 /* lindale-watch.app in Embed Watch Content */ = {isa = PBXBuildFile; fileRef = F2E0D1DE214A342C00023905 /* lindale-watch.app */; };
		F2E0D207214A3F3E00023905 /* WatchService.swift in Sources */ = {isa = PBXBuildFile; fileRef = F2E0D206214A3F3E00023905 /* WatchService.swift */; };
		F2E0D20A214A401800023905 /* WatchService.swift in Sources */ = {isa = PBXBuildFile; fileRef = F2E0D209214A401800023905 /* WatchService.swift */; };
		F2E156BC216DDDAE001E4535 /* MenuController.swift in Sources */ = {isa = PBXBuildFile; fileRef = F2E156BB216DDDAE001E4535 /* MenuController.swift */; };
		F2EC8132216C8069009B0DDD /* ProgressController.swift in Sources */ = {isa = PBXBuildFile; fileRef = F2EC8131216C8069009B0DDD /* ProgressController.swift */; };
		F2EC8134216C868D009B0DDD /* Profile.swift in Sources */ = {isa = PBXBuildFile; fileRef = F2EC8133216C868D009B0DDD /* Profile.swift */; };
		F2F46BA0214B9AF3005CD8A9 /* MyTask.storyboard in Resources */ = {isa = PBXBuildFile; fileRef = F2F46B9F214B9AF3005CD8A9 /* MyTask.storyboard */; };
		F2F46BA3214BAA21005CD8A9 /* MyTaskTableViewController.swift in Sources */ = {isa = PBXBuildFile; fileRef = F2F46BA2214BAA21005CD8A9 /* MyTaskTableViewController.swift */; };
		F2F46BA6214BAA53005CD8A9 /* DefaultTaskCell.swift in Sources */ = {isa = PBXBuildFile; fileRef = F2F46BA5214BAA53005CD8A9 /* DefaultTaskCell.swift */; };
		F2F46BA8214BAD04005CD8A9 /* Task.swift in Sources */ = {isa = PBXBuildFile; fileRef = F2F46BA7214BAD04005CD8A9 /* Task.swift */; };
		F2F4FF95215E160E00D5F197 /* IntentHandler.swift in Sources */ = {isa = PBXBuildFile; fileRef = F2F4FF94215E160E00D5F197 /* IntentHandler.swift */; };
		F2F4FF9D215E160E00D5F197 /* IntentsUI.framework in Frameworks */ = {isa = PBXBuildFile; fileRef = F2F4FF9C215E160E00D5F197 /* IntentsUI.framework */; };
		F2F4FFA0215E160E00D5F197 /* IntentViewController.swift in Sources */ = {isa = PBXBuildFile; fileRef = F2F4FF9F215E160E00D5F197 /* IntentViewController.swift */; };
		F2F4FFA3215E160E00D5F197 /* MainInterface.storyboard in Resources */ = {isa = PBXBuildFile; fileRef = F2F4FFA1215E160E00D5F197 /* MainInterface.storyboard */; };
		F2F4FFA7215E160E00D5F197 /* lindale-intentsUI.appex in Embed App Extensions */ = {isa = PBXBuildFile; fileRef = F2F4FF9B215E160E00D5F197 /* lindale-intentsUI.appex */; settings = {ATTRIBUTES = (RemoveHeadersOnCopy, ); }; };
		F2F4FFAA215E160E00D5F197 /* lindale-intents.appex in Embed App Extensions */ = {isa = PBXBuildFile; fileRef = F2F4FF92215E160E00D5F197 /* lindale-intents.appex */; settings = {ATTRIBUTES = (RemoveHeadersOnCopy, ); }; };
		F2F4FFBB215E169E00D5F197 /* IntentHandler.swift in Sources */ = {isa = PBXBuildFile; fileRef = F2F4FFBA215E169E00D5F197 /* IntentHandler.swift */; };
		F2F4FFBF215E169E00D5F197 /* lindale-watch-intents.appex in Embed App Extensions */ = {isa = PBXBuildFile; fileRef = F2F4FFB8215E169D00D5F197 /* lindale-watch-intents.appex */; settings = {ATTRIBUTES = (RemoveHeadersOnCopy, ); }; };
		F2F4FFC7215E179C00D5F197 /* NSUserActivity+IntentData.swift in Sources */ = {isa = PBXBuildFile; fileRef = F2F4FFC6215E179C00D5F197 /* NSUserActivity+IntentData.swift */; };
		F2F4FFC9215E1B5000D5F197 /* NSUserActivity+IntentData.swift in Sources */ = {isa = PBXBuildFile; fileRef = F2F4FFC6215E179C00D5F197 /* NSUserActivity+IntentData.swift */; };
		F2F4FFCA215E1B5100D5F197 /* NSUserActivity+IntentData.swift in Sources */ = {isa = PBXBuildFile; fileRef = F2F4FFC6215E179C00D5F197 /* NSUserActivity+IntentData.swift */; };
		F2F4FFCB215E1B5200D5F197 /* NSUserActivity+IntentData.swift in Sources */ = {isa = PBXBuildFile; fileRef = F2F4FFC6215E179C00D5F197 /* NSUserActivity+IntentData.swift */; };
		F2F4FFCD215E1B7000D5F197 /* UserDefaults+DataSource.swift in Sources */ = {isa = PBXBuildFile; fileRef = F2F4FFCC215E1B7000D5F197 /* UserDefaults+DataSource.swift */; };
		F2F4FFCE215E1B7000D5F197 /* UserDefaults+DataSource.swift in Sources */ = {isa = PBXBuildFile; fileRef = F2F4FFCC215E1B7000D5F197 /* UserDefaults+DataSource.swift */; };
		F2F4FFCF215E1B7000D5F197 /* UserDefaults+DataSource.swift in Sources */ = {isa = PBXBuildFile; fileRef = F2F4FFCC215E1B7000D5F197 /* UserDefaults+DataSource.swift */; };
		F2F4FFD0215E1B7000D5F197 /* UserDefaults+DataSource.swift in Sources */ = {isa = PBXBuildFile; fileRef = F2F4FFCC215E1B7000D5F197 /* UserDefaults+DataSource.swift */; };
		F2F4FFD2215E246800D5F197 /* Intents.intentdefinition in Sources */ = {isa = PBXBuildFile; fileRef = F2F4FFD1215E246800D5F197 /* Intents.intentdefinition */; };
		F2F4FFD3215E246800D5F197 /* Intents.intentdefinition in Sources */ = {isa = PBXBuildFile; fileRef = F2F4FFD1215E246800D5F197 /* Intents.intentdefinition */; };
		F2F4FFD4215E246800D5F197 /* Intents.intentdefinition in Sources */ = {isa = PBXBuildFile; fileRef = F2F4FFD1215E246800D5F197 /* Intents.intentdefinition */; };
		F2F4FFD5215E246800D5F197 /* Intents.intentdefinition in Sources */ = {isa = PBXBuildFile; fileRef = F2F4FFD1215E246800D5F197 /* Intents.intentdefinition */; };
		F2F4FFD6215E259400D5F197 /* Intents.intentdefinition in Resources */ = {isa = PBXBuildFile; fileRef = F2F4FFD1215E246800D5F197 /* Intents.intentdefinition */; };
		F2F4FFD7215E259500D5F197 /* Intents.intentdefinition in Sources */ = {isa = PBXBuildFile; fileRef = F2F4FFD1215E246800D5F197 /* Intents.intentdefinition */; };
		F2F4FFD92160EB2100D5F197 /* ShortcutManager.swift in Sources */ = {isa = PBXBuildFile; fileRef = F2F4FFD82160EB2100D5F197 /* ShortcutManager.swift */; };
		F2F4FFDA2160EB2100D5F197 /* ShortcutManager.swift in Sources */ = {isa = PBXBuildFile; fileRef = F2F4FFD82160EB2100D5F197 /* ShortcutManager.swift */; };
		F2F4FFDB2160EB2100D5F197 /* ShortcutManager.swift in Sources */ = {isa = PBXBuildFile; fileRef = F2F4FFD82160EB2100D5F197 /* ShortcutManager.swift */; };
		F2F4FFDC2160EB2100D5F197 /* ShortcutManager.swift in Sources */ = {isa = PBXBuildFile; fileRef = F2F4FFD82160EB2100D5F197 /* ShortcutManager.swift */; };
		F2F4FFDE2160EC0900D5F197 /* Shortcuts.swift in Sources */ = {isa = PBXBuildFile; fileRef = F2F4FFDD2160EC0900D5F197 /* Shortcuts.swift */; };
		F2F4FFDF2160EC0900D5F197 /* Shortcuts.swift in Sources */ = {isa = PBXBuildFile; fileRef = F2F4FFDD2160EC0900D5F197 /* Shortcuts.swift */; };
		F2F4FFE02160EC0900D5F197 /* Shortcuts.swift in Sources */ = {isa = PBXBuildFile; fileRef = F2F4FFDD2160EC0900D5F197 /* Shortcuts.swift */; };
		F2F4FFE12160EC0900D5F197 /* Shortcuts.swift in Sources */ = {isa = PBXBuildFile; fileRef = F2F4FFDD2160EC0900D5F197 /* Shortcuts.swift */; };
		F2F4FFE3216103FF00D5F197 /* TaskIntentHandler.swift in Sources */ = {isa = PBXBuildFile; fileRef = F2F4FFE2216103FF00D5F197 /* TaskIntentHandler.swift */; };
		F2F4FFE4216103FF00D5F197 /* TaskIntentHandler.swift in Sources */ = {isa = PBXBuildFile; fileRef = F2F4FFE2216103FF00D5F197 /* TaskIntentHandler.swift */; };
		F2F4FFE5216103FF00D5F197 /* TaskIntentHandler.swift in Sources */ = {isa = PBXBuildFile; fileRef = F2F4FFE2216103FF00D5F197 /* TaskIntentHandler.swift */; };
		F2F4FFE6216103FF00D5F197 /* TaskIntentHandler.swift in Sources */ = {isa = PBXBuildFile; fileRef = F2F4FFE2216103FF00D5F197 /* TaskIntentHandler.swift */; };
/* End PBXBuildFile section */

/* Begin PBXContainerItemProxy section */
		F2E0D1EC214A342D00023905 /* PBXContainerItemProxy */ = {
			isa = PBXContainerItemProxy;
			containerPortal = F29DBB6A21381F9E009DA744 /* Project object */;
			proxyType = 1;
			remoteGlobalIDString = F2E0D1E9214A342D00023905;
			remoteInfo = "lindale-watch Extension";
		};
		F2E0D1F9214A342D00023905 /* PBXContainerItemProxy */ = {
			isa = PBXContainerItemProxy;
			containerPortal = F29DBB6A21381F9E009DA744 /* Project object */;
			proxyType = 1;
			remoteGlobalIDString = F2E0D1DD214A342C00023905;
			remoteInfo = "lindale-watch";
		};
		F2F4FFA5215E160E00D5F197 /* PBXContainerItemProxy */ = {
			isa = PBXContainerItemProxy;
			containerPortal = F29DBB6A21381F9E009DA744 /* Project object */;
			proxyType = 1;
			remoteGlobalIDString = F2F4FF9A215E160E00D5F197;
			remoteInfo = "lindale-intentsUI";
		};
		F2F4FFA8215E160E00D5F197 /* PBXContainerItemProxy */ = {
			isa = PBXContainerItemProxy;
			containerPortal = F29DBB6A21381F9E009DA744 /* Project object */;
			proxyType = 1;
			remoteGlobalIDString = F2F4FF91215E160E00D5F197;
			remoteInfo = "lindale-intents";
		};
		F2F4FFBD215E169E00D5F197 /* PBXContainerItemProxy */ = {
			isa = PBXContainerItemProxy;
			containerPortal = F29DBB6A21381F9E009DA744 /* Project object */;
			proxyType = 1;
			remoteGlobalIDString = F2F4FFB7215E169D00D5F197;
			remoteInfo = "lindale-watch-intents";
		};
/* End PBXContainerItemProxy section */

/* Begin PBXCopyFilesBuildPhase section */
		F2E0D201214A342D00023905 /* Embed App Extensions */ = {
			isa = PBXCopyFilesBuildPhase;
			buildActionMask = 2147483647;
			dstPath = "";
			dstSubfolderSpec = 13;
			files = (
				F2E0D1EB214A342D00023905 /* lindale-watch Extension.appex in Embed App Extensions */,
			);
			name = "Embed App Extensions";
			runOnlyForDeploymentPostprocessing = 0;
		};
		F2E0D203214A342D00023905 /* Embed Watch Content */ = {
			isa = PBXCopyFilesBuildPhase;
			buildActionMask = 2147483647;
			dstPath = "$(CONTENTS_FOLDER_PATH)/Watch";
			dstSubfolderSpec = 16;
			files = (
				F2E0D1FB214A342D00023905 /* lindale-watch.app in Embed Watch Content */,
			);
			name = "Embed Watch Content";
			runOnlyForDeploymentPostprocessing = 0;
		};
		F2F4FFB1215E160E00D5F197 /* Embed App Extensions */ = {
			isa = PBXCopyFilesBuildPhase;
			buildActionMask = 2147483647;
			dstPath = "";
			dstSubfolderSpec = 13;
			files = (
				F2F4FFAA215E160E00D5F197 /* lindale-intents.appex in Embed App Extensions */,
				F2F4FFA7215E160E00D5F197 /* lindale-intentsUI.appex in Embed App Extensions */,
			);
			name = "Embed App Extensions";
			runOnlyForDeploymentPostprocessing = 0;
		};
		F2F4FFC3215E169E00D5F197 /* Embed App Extensions */ = {
			isa = PBXCopyFilesBuildPhase;
			buildActionMask = 2147483647;
			dstPath = "";
			dstSubfolderSpec = 13;
			files = (
				F2F4FFBF215E169E00D5F197 /* lindale-watch-intents.appex in Embed App Extensions */,
			);
			name = "Embed App Extensions";
			runOnlyForDeploymentPostprocessing = 0;
		};
/* End PBXCopyFilesBuildPhase section */

/* Begin PBXFileReference section */
		039314AA598293ED206836AC /* Pods_lindale_iosTests.framework */ = {isa = PBXFileReference; explicitFileType = wrapper.framework; includeInIndex = 0; path = Pods_lindale_iosTests.framework; sourceTree = BUILT_PRODUCTS_DIR; };
		19BC686EC0AF598B7D343767 /* Pods-lindale-watch Extension.debug.xcconfig */ = {isa = PBXFileReference; includeInIndex = 1; lastKnownFileType = text.xcconfig; name = "Pods-lindale-watch Extension.debug.xcconfig"; path = "Pods/Target Support Files/Pods-lindale-watch Extension/Pods-lindale-watch Extension.debug.xcconfig"; sourceTree = "<group>"; };
		1DE79AC8CC869206DDDC1367 /* Pods-lindale-iosTests.release.xcconfig */ = {isa = PBXFileReference; includeInIndex = 1; lastKnownFileType = text.xcconfig; name = "Pods-lindale-iosTests.release.xcconfig"; path = "Pods/Target Support Files/Pods-lindale-iosTests/Pods-lindale-iosTests.release.xcconfig"; sourceTree = "<group>"; };
		224C4B79498BE156AF63A518 /* Pods-lindale-iosTests.debug.xcconfig */ = {isa = PBXFileReference; includeInIndex = 1; lastKnownFileType = text.xcconfig; name = "Pods-lindale-iosTests.debug.xcconfig"; path = "Pods/Target Support Files/Pods-lindale-iosTests/Pods-lindale-iosTests.debug.xcconfig"; sourceTree = "<group>"; };
		25C11AAE04F70EA3B05BC8A9 /* Pods-lindale-iosUITests.release.xcconfig */ = {isa = PBXFileReference; includeInIndex = 1; lastKnownFileType = text.xcconfig; name = "Pods-lindale-iosUITests.release.xcconfig"; path = "Pods/Target Support Files/Pods-lindale-iosUITests/Pods-lindale-iosUITests.release.xcconfig"; sourceTree = "<group>"; };
		7F27E2C47B186AB1908D614A /* Pods-lindale-ios.release.xcconfig */ = {isa = PBXFileReference; includeInIndex = 1; lastKnownFileType = text.xcconfig; name = "Pods-lindale-ios.release.xcconfig"; path = "Pods/Target Support Files/Pods-lindale-ios/Pods-lindale-ios.release.xcconfig"; sourceTree = "<group>"; };
		7F5BA4B166B89195491F1EF6 /* Pods_lindale_watch_Extension.framework */ = {isa = PBXFileReference; explicitFileType = wrapper.framework; includeInIndex = 0; path = Pods_lindale_watch_Extension.framework; sourceTree = BUILT_PRODUCTS_DIR; };
		80834410CF37731B85DB0A37 /* Pods-lindale-ios.debug.xcconfig */ = {isa = PBXFileReference; includeInIndex = 1; lastKnownFileType = text.xcconfig; name = "Pods-lindale-ios.debug.xcconfig"; path = "Pods/Target Support Files/Pods-lindale-ios/Pods-lindale-ios.debug.xcconfig"; sourceTree = "<group>"; };
		A8250EC1217195C50084C5CE /* MyTaskDetailController.swift */ = {isa = PBXFileReference; lastKnownFileType = sourcecode.swift; path = MyTaskDetailController.swift; sourceTree = "<group>"; };
		A852D219214802AC00C2221D /* ProfileStatusCell.swift */ = {isa = PBXFileReference; lastKnownFileType = sourcecode.swift; path = ProfileStatusCell.swift; sourceTree = "<group>"; };
		A86384002171C6AC00837E1B /* TaskBasicInfoCell.swift */ = {isa = PBXFileReference; lastKnownFileType = sourcecode.swift; path = TaskBasicInfoCell.swift; sourceTree = "<group>"; };
		A86384022171CB7F00837E1B /* TaskUserInfoCell.swift */ = {isa = PBXFileReference; lastKnownFileType = sourcecode.swift; path = TaskUserInfoCell.swift; sourceTree = "<group>"; };
		A86384042171CBC900837E1B /* TaskInfoCell.swift */ = {isa = PBXFileReference; lastKnownFileType = sourcecode.swift; path = TaskInfoCell.swift; sourceTree = "<group>"; };
		A876AA75214CA57200425ECA /* MyTodo.storyboard */ = {isa = PBXFileReference; lastKnownFileType = file.storyboard; path = MyTodo.storyboard; sourceTree = "<group>"; };
		A876AA77214CA69300425ECA /* Settings.storyboard */ = {isa = PBXFileReference; lastKnownFileType = file.storyboard; path = Settings.storyboard; sourceTree = "<group>"; };
		A87EEFB2214A92F5009C8E61 /* Helpers.swift */ = {isa = PBXFileReference; lastKnownFileType = sourcecode.swift; path = Helpers.swift; sourceTree = "<group>"; };
		A87EEFB6214AADEF009C8E61 /* YOChartImageKit.framework */ = {isa = PBXFileReference; explicitFileType = wrapper.framework; path = YOChartImageKit.framework; sourceTree = BUILT_PRODUCTS_DIR; };
		A87EEFB8214AAF1F009C8E61 /* YOChartImageKit.framework */ = {isa = PBXFileReference; explicitFileType = wrapper.framework; path = YOChartImageKit.framework; sourceTree = BUILT_PRODUCTS_DIR; };
		A880F778216B4B33007791DD /* SyncController.swift */ = {isa = PBXFileReference; lastKnownFileType = sourcecode.swift; path = SyncController.swift; sourceTree = "<group>"; };
		A880F77A216B95AC007791DD /* DefaultTodoRow.swift */ = {isa = PBXFileReference; lastKnownFileType = sourcecode.swift; path = DefaultTodoRow.swift; sourceTree = "<group>"; };
		A880F77C216B9685007791DD /* Todo.swift */ = {isa = PBXFileReference; lastKnownFileType = sourcecode.swift; path = Todo.swift; sourceTree = "<group>"; };
		A880F77E216B97B1007791DD /* TodosController.swift */ = {isa = PBXFileReference; lastKnownFileType = sourcecode.swift; path = TodosController.swift; sourceTree = "<group>"; };
		A89F87D521722D0A004ADEA4 /* SubTaskCell.swift */ = {isa = PBXFileReference; lastKnownFileType = sourcecode.swift; path = SubTaskCell.swift; sourceTree = "<group>"; };
		A89F87D721723C02004ADEA4 /* Notification.swift */ = {isa = PBXFileReference; lastKnownFileType = sourcecode.swift; path = Notification.swift; sourceTree = "<group>"; };
		A89F87D921726541004ADEA4 /* TaskActivityCell.swift */ = {isa = PBXFileReference; lastKnownFileType = sourcecode.swift; path = TaskActivityCell.swift; sourceTree = "<group>"; };
		A8C0447B2153DF3B00A75FC1 /* SettingTableViewController.swift */ = {isa = PBXFileReference; lastKnownFileType = sourcecode.swift; path = SettingTableViewController.swift; sourceTree = "<group>"; };
		A8D013D4217CA4DC0099F11A /* ProfileSettingController.swift */ = {isa = PBXFileReference; lastKnownFileType = sourcecode.swift; path = ProfileSettingController.swift; sourceTree = "<group>"; };
		A8D5A02521441CDE002E8D52 /* lindale-ios.entitlements */ = {isa = PBXFileReference; lastKnownFileType = text.plist.entitlements; path = "lindale-ios.entitlements"; sourceTree = "<group>"; };
		A8D5A026214422E1002E8D52 /* UITheme.swift */ = {isa = PBXFileReference; lastKnownFileType = sourcecode.swift; path = UITheme.swift; sourceTree = "<group>"; };
		A8DCF831217AECB100839DA4 /* LanguageSettingController.swift */ = {isa = PBXFileReference; lastKnownFileType = sourcecode.swift; path = LanguageSettingController.swift; sourceTree = "<group>"; };
		A8DCF833217AF88300839DA4 /* Setting.swift */ = {isa = PBXFileReference; lastKnownFileType = sourcecode.swift; path = Setting.swift; sourceTree = "<group>"; };
		A8DCF836217AFDF500839DA4 /* LocaleUpdateController.swift */ = {isa = PBXFileReference; lastKnownFileType = sourcecode.swift; path = LocaleUpdateController.swift; sourceTree = "<group>"; };
		A8DE10A6217B4A1600D1F654 /* AccountSettingController.swift */ = {isa = PBXFileReference; lastKnownFileType = sourcecode.swift; path = AccountSettingController.swift; sourceTree = "<group>"; };
		A8DE10AA217B63C300D1F654 /* Errors.swift */ = {isa = PBXFileReference; lastKnownFileType = sourcecode.swift; path = Errors.swift; sourceTree = "<group>"; };
		A8DE10AD217B76DF00D1F654 /* NotificationSettingController.swift */ = {isa = PBXFileReference; lastKnownFileType = sourcecode.swift; path = NotificationSettingController.swift; sourceTree = "<group>"; };
		A8F3563221400486006204D3 /* Project.storyboard */ = {isa = PBXFileReference; lastKnownFileType = file.storyboard; path = Project.storyboard; sourceTree = "<group>"; };
		A9745B5D943619C8C875DC1A /* Pods-lindale-iosUITests.debug.xcconfig */ = {isa = PBXFileReference; includeInIndex = 1; lastKnownFileType = text.xcconfig; name = "Pods-lindale-iosUITests.debug.xcconfig"; path = "Pods/Target Support Files/Pods-lindale-iosUITests/Pods-lindale-iosUITests.debug.xcconfig"; sourceTree = "<group>"; };
		B1E1EABB4EECFC6B36E744B5 /* Pods-lindale-watch Extension.release.xcconfig */ = {isa = PBXFileReference; includeInIndex = 1; lastKnownFileType = text.xcconfig; name = "Pods-lindale-watch Extension.release.xcconfig"; path = "Pods/Target Support Files/Pods-lindale-watch Extension/Pods-lindale-watch Extension.release.xcconfig"; sourceTree = "<group>"; };
		CE9A355DF75511D212BD9428 /* Pods_lindale_iosUITests.framework */ = {isa = PBXFileReference; explicitFileType = wrapper.framework; includeInIndex = 0; path = Pods_lindale_iosUITests.framework; sourceTree = BUILT_PRODUCTS_DIR; };
		F21C50CB21420CBE008218F4 /* Profile.storyboard */ = {isa = PBXFileReference; lastKnownFileType = file.storyboard; path = Profile.storyboard; sourceTree = "<group>"; };
		F21C50CE21420DBB008218F4 /* ProfileTableViewController.swift */ = {isa = PBXFileReference; lastKnownFileType = sourcecode.swift; path = ProfileTableViewController.swift; sourceTree = "<group>"; };
		F22364322148BB8B003D03E8 /* GoogleService-Info.plist */ = {isa = PBXFileReference; fileEncoding = 4; lastKnownFileType = text.plist.xml; path = "GoogleService-Info.plist"; sourceTree = "<group>"; };
		F22364342148F06E003D03E8 /* ProfileFavoriteCell.swift */ = {isa = PBXFileReference; lastKnownFileType = sourcecode.swift; path = ProfileFavoriteCell.swift; sourceTree = "<group>"; };
		F23226C22170908400846250 /* ActivityViewCell.swift */ = {isa = PBXFileReference; lastKnownFileType = sourcecode.swift; path = ActivityViewCell.swift; sourceTree = "<group>"; };
		F2403B302147B77E004BF3C8 /* Profile.swift */ = {isa = PBXFileReference; lastKnownFileType = sourcecode.swift; path = Profile.swift; sourceTree = "<group>"; };
		F24FB83E213C086D00045DFA /* Assets.xcassets */ = {isa = PBXFileReference; lastKnownFileType = folder.assetcatalog; path = Assets.xcassets; sourceTree = "<group>"; };
		F29DBB7221381F9E009DA744 /* lindale-ios.app */ = {isa = PBXFileReference; explicitFileType = wrapper.application; includeInIndex = 0; path = "lindale-ios.app"; sourceTree = BUILT_PRODUCTS_DIR; };
		F29DBB7521381F9E009DA744 /* AppDelegate.swift */ = {isa = PBXFileReference; lastKnownFileType = sourcecode.swift; path = AppDelegate.swift; sourceTree = "<group>"; };
		F29DBB7A21381F9E009DA744 /* Base */ = {isa = PBXFileReference; lastKnownFileType = file.storyboard; name = Base; path = Base.lproj/Main.storyboard; sourceTree = "<group>"; };
		F29DBB7D21381F9E009DA744 /* lindale_ios.xcdatamodel */ = {isa = PBXFileReference; lastKnownFileType = wrapper.xcdatamodel; path = lindale_ios.xcdatamodel; sourceTree = "<group>"; };
		F29DBB8221381F9F009DA744 /* Base */ = {isa = PBXFileReference; lastKnownFileType = file.storyboard; name = Base; path = Base.lproj/LaunchScreen.storyboard; sourceTree = "<group>"; };
		F29DBB8421381F9F009DA744 /* Info.plist */ = {isa = PBXFileReference; lastKnownFileType = text.plist.xml; path = Info.plist; sourceTree = "<group>"; };
		F2A39AE9214D109100BF2AF7 /* DefaultTodoCell.swift */ = {isa = PBXFileReference; lastKnownFileType = sourcecode.swift; path = DefaultTodoCell.swift; sourceTree = "<group>"; };
		F2A39AEB214D120000BF2AF7 /* MyTodoTableViewController.swift */ = {isa = PBXFileReference; lastKnownFileType = sourcecode.swift; path = MyTodoTableViewController.swift; sourceTree = "<group>"; };
		F2A4FCB8216586B100E0C35E /* Task.swift */ = {isa = PBXFileReference; fileEncoding = 4; lastKnownFileType = sourcecode.swift; path = Task.swift; sourceTree = "<group>"; };
		F2A4FCB9216586B100E0C35E /* OAuth.swift */ = {isa = PBXFileReference; fileEncoding = 4; lastKnownFileType = sourcecode.swift; path = OAuth.swift; sourceTree = "<group>"; };
		F2A4FCBC216586C700E0C35E /* NetworkService.swift */ = {isa = PBXFileReference; fileEncoding = 4; lastKnownFileType = sourcecode.swift; path = NetworkService.swift; sourceTree = "<group>"; };
		F2B9D7DF218C49B7009A119A /* FoldingTodoCell.swift */ = {isa = PBXFileReference; lastKnownFileType = sourcecode.swift; path = FoldingTodoCell.swift; sourceTree = "<group>"; };
		F2BB3AAD215215C000AB2632 /* TasksController.swift */ = {isa = PBXFileReference; lastKnownFileType = sourcecode.swift; path = TasksController.swift; sourceTree = "<group>"; };
		F2BB3AB021524FAD00AB2632 /* DefaultTaskRow.swift */ = {isa = PBXFileReference; lastKnownFileType = sourcecode.swift; path = DefaultTaskRow.swift; sourceTree = "<group>"; };
		F2CAE16E21382E5F002C04E7 /* LoginViewController.swift */ = {isa = PBXFileReference; lastKnownFileType = sourcecode.swift; path = LoginViewController.swift; sourceTree = "<group>"; };
		F2CAE17221382EC7002C04E7 /* Login.storyboard */ = {isa = PBXFileReference; lastKnownFileType = file.storyboard; path = Login.storyboard; sourceTree = "<group>"; };
		F2CAE1772138414C002C04E7 /* UIHelpers.swift */ = {isa = PBXFileReference; lastKnownFileType = sourcecode.swift; path = UIHelpers.swift; sourceTree = "<group>"; };
		F2CAE17C21384A93002C04E7 /* OAuth.swift */ = {isa = PBXFileReference; lastKnownFileType = sourcecode.swift; path = OAuth.swift; sourceTree = "<group>"; };
		F2CAE17F21384B22002C04E7 /* OAuthService.swift */ = {isa = PBXFileReference; lastKnownFileType = sourcecode.swift; path = OAuthService.swift; sourceTree = "<group>"; };
		F2CAE1812138B559002C04E7 /* MainController.swift */ = {isa = PBXFileReference; lastKnownFileType = sourcecode.swift; path = MainController.swift; sourceTree = "<group>"; };
		F2CAE1832138E410002C04E7 /* Helpers.swift */ = {isa = PBXFileReference; lastKnownFileType = sourcecode.swift; path = Helpers.swift; sourceTree = "<group>"; };
		F2CAE1852138F45F002C04E7 /* NetworkService.swift */ = {isa = PBXFileReference; lastKnownFileType = sourcecode.swift; path = NetworkService.swift; sourceTree = "<group>"; };
		F2CAE18721390ECC002C04E7 /* Project.swift */ = {isa = PBXFileReference; lastKnownFileType = sourcecode.swift; path = Project.swift; sourceTree = "<group>"; };
		F2CAE18B21391905002C04E7 /* ProjectsViewController.swift */ = {isa = PBXFileReference; lastKnownFileType = sourcecode.swift; path = ProjectsViewController.swift; sourceTree = "<group>"; };
		F2CAE18D21393610002C04E7 /* ProjectTableViewCell.swift */ = {isa = PBXFileReference; lastKnownFileType = sourcecode.swift; path = ProjectTableViewCell.swift; sourceTree = "<group>"; };
		F2DF020B214E1249003E0033 /* Todo.swift */ = {isa = PBXFileReference; lastKnownFileType = sourcecode.swift; path = Todo.swift; sourceTree = "<group>"; };
		F2E0D1DE214A342C00023905 /* lindale-watch.app */ = {isa = PBXFileReference; explicitFileType = wrapper.application; includeInIndex = 0; path = "lindale-watch.app"; sourceTree = BUILT_PRODUCTS_DIR; };
		F2E0D1E1214A342C00023905 /* Base */ = {isa = PBXFileReference; lastKnownFileType = file.storyboard; name = Base; path = Base.lproj/Interface.storyboard; sourceTree = "<group>"; };
		F2E0D1E3214A342D00023905 /* Assets.xcassets */ = {isa = PBXFileReference; lastKnownFileType = folder.assetcatalog; path = Assets.xcassets; sourceTree = "<group>"; };
		F2E0D1E5214A342D00023905 /* Info.plist */ = {isa = PBXFileReference; lastKnownFileType = text.plist.xml; path = Info.plist; sourceTree = "<group>"; };
		F2E0D1EA214A342D00023905 /* lindale-watch Extension.appex */ = {isa = PBXFileReference; explicitFileType = "wrapper.app-extension"; includeInIndex = 0; path = "lindale-watch Extension.appex"; sourceTree = BUILT_PRODUCTS_DIR; };
		F2E0D1F1214A342D00023905 /* ExtensionDelegate.swift */ = {isa = PBXFileReference; lastKnownFileType = sourcecode.swift; path = ExtensionDelegate.swift; sourceTree = "<group>"; };
		F2E0D1F3214A342D00023905 /* NotificationController.swift */ = {isa = PBXFileReference; lastKnownFileType = sourcecode.swift; path = NotificationController.swift; sourceTree = "<group>"; };
		F2E0D1F5214A342D00023905 /* Assets.xcassets */ = {isa = PBXFileReference; lastKnownFileType = folder.assetcatalog; path = Assets.xcassets; sourceTree = "<group>"; };
		F2E0D1F7214A342D00023905 /* Info.plist */ = {isa = PBXFileReference; lastKnownFileType = text.plist.xml; path = Info.plist; sourceTree = "<group>"; };
		F2E0D1F8214A342D00023905 /* PushNotificationPayload.apns */ = {isa = PBXFileReference; lastKnownFileType = text; path = PushNotificationPayload.apns; sourceTree = "<group>"; };
		F2E0D204214A349500023905 /* lindale-watch Extension.entitlements */ = {isa = PBXFileReference; lastKnownFileType = text.plist.entitlements; path = "lindale-watch Extension.entitlements"; sourceTree = "<group>"; };
		F2E0D205214A398E00023905 /* lindale-watch.entitlements */ = {isa = PBXFileReference; lastKnownFileType = text.plist.entitlements; path = "lindale-watch.entitlements"; sourceTree = "<group>"; };
		F2E0D206214A3F3E00023905 /* WatchService.swift */ = {isa = PBXFileReference; lastKnownFileType = sourcecode.swift; path = WatchService.swift; sourceTree = "<group>"; };
		F2E0D209214A401800023905 /* WatchService.swift */ = {isa = PBXFileReference; lastKnownFileType = sourcecode.swift; path = WatchService.swift; sourceTree = "<group>"; };
		F2E156BB216DDDAE001E4535 /* MenuController.swift */ = {isa = PBXFileReference; lastKnownFileType = sourcecode.swift; path = MenuController.swift; sourceTree = "<group>"; };
		F2EC8131216C8069009B0DDD /* ProgressController.swift */ = {isa = PBXFileReference; lastKnownFileType = sourcecode.swift; path = ProgressController.swift; sourceTree = "<group>"; };
		F2EC8133216C868D009B0DDD /* Profile.swift */ = {isa = PBXFileReference; lastKnownFileType = sourcecode.swift; path = Profile.swift; sourceTree = "<group>"; };
		F2F46B9F214B9AF3005CD8A9 /* MyTask.storyboard */ = {isa = PBXFileReference; lastKnownFileType = file.storyboard; path = MyTask.storyboard; sourceTree = "<group>"; };
		F2F46BA2214BAA21005CD8A9 /* MyTaskTableViewController.swift */ = {isa = PBXFileReference; lastKnownFileType = sourcecode.swift; path = MyTaskTableViewController.swift; sourceTree = "<group>"; };
		F2F46BA5214BAA53005CD8A9 /* DefaultTaskCell.swift */ = {isa = PBXFileReference; lastKnownFileType = sourcecode.swift; path = DefaultTaskCell.swift; sourceTree = "<group>"; };
		F2F46BA7214BAD04005CD8A9 /* Task.swift */ = {isa = PBXFileReference; lastKnownFileType = sourcecode.swift; path = Task.swift; sourceTree = "<group>"; };
		F2F4FF92215E160E00D5F197 /* lindale-intents.appex */ = {isa = PBXFileReference; explicitFileType = "wrapper.app-extension"; includeInIndex = 0; path = "lindale-intents.appex"; sourceTree = BUILT_PRODUCTS_DIR; };
		F2F4FF94215E160E00D5F197 /* IntentHandler.swift */ = {isa = PBXFileReference; lastKnownFileType = sourcecode.swift; path = IntentHandler.swift; sourceTree = "<group>"; };
		F2F4FF96215E160E00D5F197 /* Info.plist */ = {isa = PBXFileReference; lastKnownFileType = text.plist.xml; path = Info.plist; sourceTree = "<group>"; };
		F2F4FF9B215E160E00D5F197 /* lindale-intentsUI.appex */ = {isa = PBXFileReference; explicitFileType = "wrapper.app-extension"; includeInIndex = 0; path = "lindale-intentsUI.appex"; sourceTree = BUILT_PRODUCTS_DIR; };
		F2F4FF9C215E160E00D5F197 /* IntentsUI.framework */ = {isa = PBXFileReference; lastKnownFileType = wrapper.framework; name = IntentsUI.framework; path = System/Library/Frameworks/IntentsUI.framework; sourceTree = SDKROOT; };
		F2F4FF9F215E160E00D5F197 /* IntentViewController.swift */ = {isa = PBXFileReference; lastKnownFileType = sourcecode.swift; path = IntentViewController.swift; sourceTree = "<group>"; };
		F2F4FFA2215E160E00D5F197 /* Base */ = {isa = PBXFileReference; lastKnownFileType = file.storyboard; name = Base; path = Base.lproj/MainInterface.storyboard; sourceTree = "<group>"; };
		F2F4FFA4215E160E00D5F197 /* Info.plist */ = {isa = PBXFileReference; lastKnownFileType = text.plist.xml; path = Info.plist; sourceTree = "<group>"; };
		F2F4FFB2215E161B00D5F197 /* lindale-intentsUI.entitlements */ = {isa = PBXFileReference; lastKnownFileType = text.plist.entitlements; path = "lindale-intentsUI.entitlements"; sourceTree = "<group>"; };
		F2F4FFB3215E162500D5F197 /* lindale-intents.entitlements */ = {isa = PBXFileReference; lastKnownFileType = text.plist.entitlements; path = "lindale-intents.entitlements"; sourceTree = "<group>"; };
		F2F4FFB8215E169D00D5F197 /* lindale-watch-intents.appex */ = {isa = PBXFileReference; explicitFileType = "wrapper.app-extension"; includeInIndex = 0; path = "lindale-watch-intents.appex"; sourceTree = BUILT_PRODUCTS_DIR; };
		F2F4FFBA215E169E00D5F197 /* IntentHandler.swift */ = {isa = PBXFileReference; lastKnownFileType = sourcecode.swift; path = IntentHandler.swift; sourceTree = "<group>"; };
		F2F4FFBC215E169E00D5F197 /* Info.plist */ = {isa = PBXFileReference; lastKnownFileType = text.plist.xml; path = Info.plist; sourceTree = "<group>"; };
		F2F4FFC4215E16B300D5F197 /* lindale-watch-intents.entitlements */ = {isa = PBXFileReference; lastKnownFileType = text.plist.entitlements; path = "lindale-watch-intents.entitlements"; sourceTree = "<group>"; };
		F2F4FFC6215E179C00D5F197 /* NSUserActivity+IntentData.swift */ = {isa = PBXFileReference; lastKnownFileType = sourcecode.swift; path = "NSUserActivity+IntentData.swift"; sourceTree = "<group>"; };
		F2F4FFCC215E1B7000D5F197 /* UserDefaults+DataSource.swift */ = {isa = PBXFileReference; lastKnownFileType = sourcecode.swift; path = "UserDefaults+DataSource.swift"; sourceTree = "<group>"; };
		F2F4FFD1215E246800D5F197 /* Intents.intentdefinition */ = {isa = PBXFileReference; lastKnownFileType = file.intentdefinition; path = Intents.intentdefinition; sourceTree = "<group>"; };
		F2F4FFD82160EB2100D5F197 /* ShortcutManager.swift */ = {isa = PBXFileReference; lastKnownFileType = sourcecode.swift; path = ShortcutManager.swift; sourceTree = "<group>"; };
		F2F4FFDD2160EC0900D5F197 /* Shortcuts.swift */ = {isa = PBXFileReference; lastKnownFileType = sourcecode.swift; path = Shortcuts.swift; sourceTree = "<group>"; };
		F2F4FFE2216103FF00D5F197 /* TaskIntentHandler.swift */ = {isa = PBXFileReference; lastKnownFileType = sourcecode.swift; path = TaskIntentHandler.swift; sourceTree = "<group>"; };
		F6B8729374BB005277964279 /* Pods_lindale_ios.framework */ = {isa = PBXFileReference; explicitFileType = wrapper.framework; includeInIndex = 0; path = Pods_lindale_ios.framework; sourceTree = BUILT_PRODUCTS_DIR; };
/* End PBXFileReference section */

/* Begin PBXFrameworksBuildPhase section */
		DAAF8DA5921A577818E3D8EA /* Frameworks */ = {
			isa = PBXFrameworksBuildPhase;
			buildActionMask = 2147483647;
			files = (
			);
			runOnlyForDeploymentPostprocessing = 0;
		};
		F29DBB6F21381F9E009DA744 /* Frameworks */ = {
			isa = PBXFrameworksBuildPhase;
			buildActionMask = 2147483647;
			files = (
				8C2301F51F4B1F6B9C8A3AB6 /* Pods_lindale_ios.framework in Frameworks */,
			);
			runOnlyForDeploymentPostprocessing = 0;
		};
		F2E0D1E7214A342D00023905 /* Frameworks */ = {
			isa = PBXFrameworksBuildPhase;
			buildActionMask = 2147483647;
			files = (
				17BDDCE3D42C9CA389E34039 /* Pods_lindale_watch_Extension.framework in Frameworks */,
			);
			runOnlyForDeploymentPostprocessing = 0;
		};
		F2F4FF8F215E160E00D5F197 /* Frameworks */ = {
			isa = PBXFrameworksBuildPhase;
			buildActionMask = 2147483647;
			files = (
			);
			runOnlyForDeploymentPostprocessing = 0;
		};
		F2F4FF98215E160E00D5F197 /* Frameworks */ = {
			isa = PBXFrameworksBuildPhase;
			buildActionMask = 2147483647;
			files = (
				F2F4FF9D215E160E00D5F197 /* IntentsUI.framework in Frameworks */,
			);
			runOnlyForDeploymentPostprocessing = 0;
		};
		F2F4FFB5215E169D00D5F197 /* Frameworks */ = {
			isa = PBXFrameworksBuildPhase;
			buildActionMask = 2147483647;
			files = (
			);
			runOnlyForDeploymentPostprocessing = 0;
		};
/* End PBXFrameworksBuildPhase section */

/* Begin PBXGroup section */
		2AD403BAF9D095B63F73CE11 /* Frameworks */ = {
			isa = PBXGroup;
			children = (
				A87EEFB8214AAF1F009C8E61 /* YOChartImageKit.framework */,
				A87EEFB6214AADEF009C8E61 /* YOChartImageKit.framework */,
				F6B8729374BB005277964279 /* Pods_lindale_ios.framework */,
				039314AA598293ED206836AC /* Pods_lindale_iosTests.framework */,
				CE9A355DF75511D212BD9428 /* Pods_lindale_iosUITests.framework */,
				7F5BA4B166B89195491F1EF6 /* Pods_lindale_watch_Extension.framework */,
				F2F4FF9C215E160E00D5F197 /* IntentsUI.framework */,
			);
			name = Frameworks;
			sourceTree = "<group>";
		};
		A852D2182148027D00C2221D /* Cells */ = {
			isa = PBXGroup;
			children = (
				A852D219214802AC00C2221D /* ProfileStatusCell.swift */,
				F22364342148F06E003D03E8 /* ProfileFavoriteCell.swift */,
				F23226C22170908400846250 /* ActivityViewCell.swift */,
			);
			path = Cells;
			sourceTree = "<group>";
		};
		A876AA74214CA4F300425ECA /* Cells */ = {
			isa = PBXGroup;
			children = (
				F2CAE18D21393610002C04E7 /* ProjectTableViewCell.swift */,
			);
			path = Cells;
			sourceTree = "<group>";
		};
		A8C0447A2153DEE900A75FC1 /* SettingControllers */ = {
			isa = PBXGroup;
			children = (
				A8DCF835217AFDB400839DA4 /* LanguageControllers */,
				A8C0447B2153DF3B00A75FC1 /* SettingTableViewController.swift */,
				A8DE10A6217B4A1600D1F654 /* AccountSettingController.swift */,
				A8DE10AD217B76DF00D1F654 /* NotificationSettingController.swift */,
				A8D013D4217CA4DC0099F11A /* ProfileSettingController.swift */,
			);
			path = SettingControllers;
			sourceTree = "<group>";
		};
		A8DCF835217AFDB400839DA4 /* LanguageControllers */ = {
			isa = PBXGroup;
			children = (
				A8DCF831217AECB100839DA4 /* LanguageSettingController.swift */,
				A8DCF836217AFDF500839DA4 /* LocaleUpdateController.swift */,
			);
			path = LanguageControllers;
			sourceTree = "<group>";
		};
		F21C50CD21420D77008218F4 /* ProfileControllers */ = {
			isa = PBXGroup;
			children = (
				A852D2182148027D00C2221D /* Cells */,
				F21C50CE21420DBB008218F4 /* ProfileTableViewController.swift */,
			);
			path = ProfileControllers;
			sourceTree = "<group>";
		};
		F24EC78F2140C05D00FB0FE9 /* ProjectControllers */ = {
			isa = PBXGroup;
			children = (
				A876AA74214CA4F300425ECA /* Cells */,
				F2CAE18B21391905002C04E7 /* ProjectsViewController.swift */,
			);
			path = ProjectControllers;
			sourceTree = "<group>";
		};
		F24FB841213C0D3500045DFA /* Services */ = {
			isa = PBXGroup;
			children = (
				F2CAE1852138F45F002C04E7 /* NetworkService.swift */,
				F2CAE17F21384B22002C04E7 /* OAuthService.swift */,
				F2E0D206214A3F3E00023905 /* WatchService.swift */,
				A89F87D721723C02004ADEA4 /* Notification.swift */,
			);
			path = Services;
			sourceTree = "<group>";
		};
		F24FB842213C0D5C00045DFA /* Controllers */ = {
			isa = PBXGroup;
			children = (
				A8C0447A2153DEE900A75FC1 /* SettingControllers */,
				F2A39AE7214D104600BF2AF7 /* TodoControllers */,
				F2F46BA1214BA9E5005CD8A9 /* TaskControllers */,
				F21C50CD21420D77008218F4 /* ProfileControllers */,
				F24EC78F2140C05D00FB0FE9 /* ProjectControllers */,
				F2CAE16E21382E5F002C04E7 /* LoginViewController.swift */,
				F2CAE1812138B559002C04E7 /* MainController.swift */,
			);
			path = Controllers;
			sourceTree = "<group>";
		};
		F24FB843213C0D9200045DFA /* Supports */ = {
			isa = PBXGroup;
			children = (
				F2CAE1832138E410002C04E7 /* Helpers.swift */,
				F2CAE1772138414C002C04E7 /* UIHelpers.swift */,
				A8D5A026214422E1002E8D52 /* UITheme.swift */,
			);
			path = Supports;
			sourceTree = "<group>";
		};
		F29DBB6921381F9E009DA744 = {
			isa = PBXGroup;
			children = (
				F29DBB7421381F9E009DA744 /* lindale-ios */,
				F2F4FF93215E160E00D5F197 /* lindale-intents */,
				F2F4FF9E215E160E00D5F197 /* lindale-intentsUI */,
				F2E0D1DF214A342C00023905 /* lindale-watch */,
				F2E0D1EE214A342D00023905 /* lindale-watch Extension */,
				F2F4FFB9215E169E00D5F197 /* lindale-watch-intents */,
				F2F4FFC5215E16E300D5F197 /* Shared */,
				F29DBB7321381F9E009DA744 /* Products */,
				F8CFDFCDA1536707DF277018 /* Pods */,
				2AD403BAF9D095B63F73CE11 /* Frameworks */,
			);
			sourceTree = "<group>";
		};
		F29DBB7321381F9E009DA744 /* Products */ = {
			isa = PBXGroup;
			children = (
				F29DBB7221381F9E009DA744 /* lindale-ios.app */,
				F2E0D1DE214A342C00023905 /* lindale-watch.app */,
				F2E0D1EA214A342D00023905 /* lindale-watch Extension.appex */,
				F2F4FF92215E160E00D5F197 /* lindale-intents.appex */,
				F2F4FF9B215E160E00D5F197 /* lindale-intentsUI.appex */,
				F2F4FFB8215E169D00D5F197 /* lindale-watch-intents.appex */,
			);
			name = Products;
			sourceTree = "<group>";
		};
		F29DBB7421381F9E009DA744 /* lindale-ios */ = {
			isa = PBXGroup;
			children = (
				A8D5A02521441CDE002E8D52 /* lindale-ios.entitlements */,
				F2CAE17B21384A74002C04E7 /* Models */,
				F2CAE16721382704002C04E7 /* Views */,
				F24FB842213C0D5C00045DFA /* Controllers */,
				F24FB841213C0D3500045DFA /* Services */,
				F24FB843213C0D9200045DFA /* Supports */,
				F29DBB7521381F9E009DA744 /* AppDelegate.swift */,
				F29DBB8421381F9F009DA744 /* Info.plist */,
				F22364322148BB8B003D03E8 /* GoogleService-Info.plist */,
				F29DBB7C21381F9E009DA744 /* lindale_ios.xcdatamodeld */,
				F24FB83E213C086D00045DFA /* Assets.xcassets */,
			);
			path = "lindale-ios";
			sourceTree = "<group>";
		};
		F2A39AE7214D104600BF2AF7 /* TodoControllers */ = {
			isa = PBXGroup;
			children = (
				F2A39AE8214D106B00BF2AF7 /* Cells */,
				F2A39AEB214D120000BF2AF7 /* MyTodoTableViewController.swift */,
			);
			path = TodoControllers;
			sourceTree = "<group>";
		};
		F2A39AE8214D106B00BF2AF7 /* Cells */ = {
			isa = PBXGroup;
			children = (
				F2A39AE9214D109100BF2AF7 /* DefaultTodoCell.swift */,
				F2B9D7DF218C49B7009A119A /* FoldingTodoCell.swift */,
			);
			path = Cells;
			sourceTree = "<group>";
		};
		F2A4FCB72165868C00E0C35E /* Models */ = {
			isa = PBXGroup;
			children = (
				F2A4FCB9216586B100E0C35E /* OAuth.swift */,
				F2A4FCB8216586B100E0C35E /* Task.swift */,
				A880F77C216B9685007791DD /* Todo.swift */,
				F2EC8133216C868D009B0DDD /* Profile.swift */,
			);
			path = Models;
			sourceTree = "<group>";
		};
		F2BB3AAF21524F7300AB2632 /* Rows */ = {
			isa = PBXGroup;
			children = (
				F2BB3AB021524FAD00AB2632 /* DefaultTaskRow.swift */,
				A880F77A216B95AC007791DD /* DefaultTodoRow.swift */,
			);
			path = Rows;
			sourceTree = "<group>";
		};
		F2CAE16721382704002C04E7 /* Views */ = {
			isa = PBXGroup;
			children = (
				F29DBB8121381F9F009DA744 /* LaunchScreen.storyboard */,
				F29DBB7921381F9E009DA744 /* Main.storyboard */,
				F2CAE17221382EC7002C04E7 /* Login.storyboard */,
				A8F3563221400486006204D3 /* Project.storyboard */,
				F21C50CB21420CBE008218F4 /* Profile.storyboard */,
				F2F46B9F214B9AF3005CD8A9 /* MyTask.storyboard */,
				A876AA75214CA57200425ECA /* MyTodo.storyboard */,
				A876AA77214CA69300425ECA /* Settings.storyboard */,
			);
			path = Views;
			sourceTree = "<group>";
		};
		F2CAE17B21384A74002C04E7 /* Models */ = {
			isa = PBXGroup;
			children = (
				F2CAE17C21384A93002C04E7 /* OAuth.swift */,
				F2CAE18721390ECC002C04E7 /* Project.swift */,
				F2403B302147B77E004BF3C8 /* Profile.swift */,
				F2F46BA7214BAD04005CD8A9 /* Task.swift */,
				F2DF020B214E1249003E0033 /* Todo.swift */,
				A8DCF833217AF88300839DA4 /* Setting.swift */,
				A8DE10AA217B63C300D1F654 /* Errors.swift */,
			);
			path = Models;
			sourceTree = "<group>";
		};
		F2E0D1DF214A342C00023905 /* lindale-watch */ = {
			isa = PBXGroup;
			children = (
				F2E0D205214A398E00023905 /* lindale-watch.entitlements */,
				F2E0D1E0214A342C00023905 /* Interface.storyboard */,
				F2E0D1E3214A342D00023905 /* Assets.xcassets */,
				F2E0D1E5214A342D00023905 /* Info.plist */,
			);
			path = "lindale-watch";
			sourceTree = "<group>";
		};
		F2E0D1EE214A342D00023905 /* lindale-watch Extension */ = {
			isa = PBXGroup;
			children = (
				F2A4FCB72165868C00E0C35E /* Models */,
				F2BB3AAF21524F7300AB2632 /* Rows */,
				F2E0D208214A3FD600023905 /* Services */,
				F2E0D204214A349500023905 /* lindale-watch Extension.entitlements */,
				F2E0D1F1214A342D00023905 /* ExtensionDelegate.swift */,
				A880F778216B4B33007791DD /* SyncController.swift */,
				F2E156BB216DDDAE001E4535 /* MenuController.swift */,
				F2BB3AAD215215C000AB2632 /* TasksController.swift */,
				A880F77E216B97B1007791DD /* TodosController.swift */,
				F2EC8131216C8069009B0DDD /* ProgressController.swift */,
				F2E0D1F3214A342D00023905 /* NotificationController.swift */,
				F2E0D1F8214A342D00023905 /* PushNotificationPayload.apns */,
				A87EEFB2214A92F5009C8E61 /* Helpers.swift */,
				F2E0D1F7214A342D00023905 /* Info.plist */,
				F2E0D1F5214A342D00023905 /* Assets.xcassets */,
			);
			path = "lindale-watch Extension";
			sourceTree = "<group>";
		};
		F2E0D208214A3FD600023905 /* Services */ = {
			isa = PBXGroup;
			children = (
				F2A4FCBC216586C700E0C35E /* NetworkService.swift */,
				F2E0D209214A401800023905 /* WatchService.swift */,
			);
			path = Services;
			sourceTree = "<group>";
		};
		F2F46BA1214BA9E5005CD8A9 /* TaskControllers */ = {
			isa = PBXGroup;
			children = (
				F2F46BA4214BAA29005CD8A9 /* Cells */,
				F2F46BA2214BAA21005CD8A9 /* MyTaskTableViewController.swift */,
				A8250EC1217195C50084C5CE /* MyTaskDetailController.swift */,
			);
			path = TaskControllers;
			sourceTree = "<group>";
		};
		F2F46BA4214BAA29005CD8A9 /* Cells */ = {
			isa = PBXGroup;
			children = (
				F2F46BA5214BAA53005CD8A9 /* DefaultTaskCell.swift */,
				A86384002171C6AC00837E1B /* TaskBasicInfoCell.swift */,
				A86384022171CB7F00837E1B /* TaskUserInfoCell.swift */,
				A86384042171CBC900837E1B /* TaskInfoCell.swift */,
				A89F87D521722D0A004ADEA4 /* SubTaskCell.swift */,
				A89F87D921726541004ADEA4 /* TaskActivityCell.swift */,
			);
			path = Cells;
			sourceTree = "<group>";
		};
		F2F4FF93215E160E00D5F197 /* lindale-intents */ = {
			isa = PBXGroup;
			children = (
				F2F4FFB3215E162500D5F197 /* lindale-intents.entitlements */,
				F2F4FF94215E160E00D5F197 /* IntentHandler.swift */,
				F2F4FF96215E160E00D5F197 /* Info.plist */,
			);
			path = "lindale-intents";
			sourceTree = "<group>";
		};
		F2F4FF9E215E160E00D5F197 /* lindale-intentsUI */ = {
			isa = PBXGroup;
			children = (
				F2F4FFB2215E161B00D5F197 /* lindale-intentsUI.entitlements */,
				F2F4FF9F215E160E00D5F197 /* IntentViewController.swift */,
				F2F4FFA1215E160E00D5F197 /* MainInterface.storyboard */,
				F2F4FFA4215E160E00D5F197 /* Info.plist */,
			);
			path = "lindale-intentsUI";
			sourceTree = "<group>";
		};
		F2F4FFB9215E169E00D5F197 /* lindale-watch-intents */ = {
			isa = PBXGroup;
			children = (
				F2F4FFC4215E16B300D5F197 /* lindale-watch-intents.entitlements */,
				F2F4FFBA215E169E00D5F197 /* IntentHandler.swift */,
				F2F4FFBC215E169E00D5F197 /* Info.plist */,
			);
			path = "lindale-watch-intents";
			sourceTree = "<group>";
		};
		F2F4FFC5215E16E300D5F197 /* Shared */ = {
			isa = PBXGroup;
			children = (
				F2F4FFD1215E246800D5F197 /* Intents.intentdefinition */,
				F2F4FFDD2160EC0900D5F197 /* Shortcuts.swift */,
				F2F4FFD82160EB2100D5F197 /* ShortcutManager.swift */,
				F2F4FFE2216103FF00D5F197 /* TaskIntentHandler.swift */,
				F2F4FFC8215E1B3000D5F197 /* Supports */,
			);
			path = Shared;
			sourceTree = "<group>";
		};
		F2F4FFC8215E1B3000D5F197 /* Supports */ = {
			isa = PBXGroup;
			children = (
				F2F4FFC6215E179C00D5F197 /* NSUserActivity+IntentData.swift */,
				F2F4FFCC215E1B7000D5F197 /* UserDefaults+DataSource.swift */,
			);
			path = Supports;
			sourceTree = "<group>";
		};
		F8CFDFCDA1536707DF277018 /* Pods */ = {
			isa = PBXGroup;
			children = (
				80834410CF37731B85DB0A37 /* Pods-lindale-ios.debug.xcconfig */,
				7F27E2C47B186AB1908D614A /* Pods-lindale-ios.release.xcconfig */,
				224C4B79498BE156AF63A518 /* Pods-lindale-iosTests.debug.xcconfig */,
				1DE79AC8CC869206DDDC1367 /* Pods-lindale-iosTests.release.xcconfig */,
				A9745B5D943619C8C875DC1A /* Pods-lindale-iosUITests.debug.xcconfig */,
				25C11AAE04F70EA3B05BC8A9 /* Pods-lindale-iosUITests.release.xcconfig */,
				19BC686EC0AF598B7D343767 /* Pods-lindale-watch Extension.debug.xcconfig */,
				B1E1EABB4EECFC6B36E744B5 /* Pods-lindale-watch Extension.release.xcconfig */,
			);
			name = Pods;
			sourceTree = "<group>";
		};
/* End PBXGroup section */

/* Begin PBXNativeTarget section */
		F29DBB7121381F9E009DA744 /* lindale-ios */ = {
			isa = PBXNativeTarget;
			buildConfigurationList = F29DBB9D21381F9F009DA744 /* Build configuration list for PBXNativeTarget "lindale-ios" */;
			buildPhases = (
				B11178A88AE765E69D083935 /* [CP] Check Pods Manifest.lock */,
				F29DBB6E21381F9E009DA744 /* Sources */,
				F29DBB6F21381F9E009DA744 /* Frameworks */,
				F29DBB7021381F9E009DA744 /* Resources */,
				58947900A6FF87A61DA72BCA /* [CP] Embed Pods Frameworks */,
				F2E0D203214A342D00023905 /* Embed Watch Content */,
				F2F4FFB1215E160E00D5F197 /* Embed App Extensions */,
			);
			buildRules = (
			);
			dependencies = (
				F2E0D1FA214A342D00023905 /* PBXTargetDependency */,
				F2F4FFA6215E160E00D5F197 /* PBXTargetDependency */,
				F2F4FFA9215E160E00D5F197 /* PBXTargetDependency */,
			);
			name = "lindale-ios";
			productName = "lindale-ios";
			productReference = F29DBB7221381F9E009DA744 /* lindale-ios.app */;
			productType = "com.apple.product-type.application";
		};
		F2E0D1DD214A342C00023905 /* lindale-watch */ = {
			isa = PBXNativeTarget;
			buildConfigurationList = F2E0D202214A342D00023905 /* Build configuration list for PBXNativeTarget "lindale-watch" */;
			buildPhases = (
				F2E0D1DC214A342C00023905 /* Resources */,
				F2E0D201214A342D00023905 /* Embed App Extensions */,
				DAAF8DA5921A577818E3D8EA /* Frameworks */,
			);
			buildRules = (
			);
			dependencies = (
				F2E0D1ED214A342D00023905 /* PBXTargetDependency */,
			);
			name = "lindale-watch";
			productName = "lindale-watch";
			productReference = F2E0D1DE214A342C00023905 /* lindale-watch.app */;
			productType = "com.apple.product-type.application.watchapp2";
		};
		F2E0D1E9214A342D00023905 /* lindale-watch Extension */ = {
			isa = PBXNativeTarget;
			buildConfigurationList = F2E0D200214A342D00023905 /* Build configuration list for PBXNativeTarget "lindale-watch Extension" */;
			buildPhases = (
				C8BD10E51A371B29829E4433 /* [CP] Check Pods Manifest.lock */,
				F2E0D1E6214A342D00023905 /* Sources */,
				F2E0D1E7214A342D00023905 /* Frameworks */,
				F2E0D1E8214A342D00023905 /* Resources */,
				F2F4FFC3215E169E00D5F197 /* Embed App Extensions */,
				0CDF969FD5D825935242809E /* [CP] Embed Pods Frameworks */,
			);
			buildRules = (
			);
			dependencies = (
				F2F4FFBE215E169E00D5F197 /* PBXTargetDependency */,
			);
			name = "lindale-watch Extension";
			productName = "lindale-watch Extension";
			productReference = F2E0D1EA214A342D00023905 /* lindale-watch Extension.appex */;
			productType = "com.apple.product-type.watchkit2-extension";
		};
		F2F4FF91215E160E00D5F197 /* lindale-intents */ = {
			isa = PBXNativeTarget;
			buildConfigurationList = F2F4FFAE215E160E00D5F197 /* Build configuration list for PBXNativeTarget "lindale-intents" */;
			buildPhases = (
				F2F4FF8E215E160E00D5F197 /* Sources */,
				F2F4FF8F215E160E00D5F197 /* Frameworks */,
				F2F4FF90215E160E00D5F197 /* Resources */,
			);
			buildRules = (
			);
			dependencies = (
			);
			name = "lindale-intents";
			productName = "lindale-intents";
			productReference = F2F4FF92215E160E00D5F197 /* lindale-intents.appex */;
			productType = "com.apple.product-type.app-extension";
		};
		F2F4FF9A215E160E00D5F197 /* lindale-intentsUI */ = {
			isa = PBXNativeTarget;
			buildConfigurationList = F2F4FFAB215E160E00D5F197 /* Build configuration list for PBXNativeTarget "lindale-intentsUI" */;
			buildPhases = (
				F2F4FF97215E160E00D5F197 /* Sources */,
				F2F4FF98215E160E00D5F197 /* Frameworks */,
				F2F4FF99215E160E00D5F197 /* Resources */,
			);
			buildRules = (
			);
			dependencies = (
			);
			name = "lindale-intentsUI";
			productName = "lindale-intentsUI";
			productReference = F2F4FF9B215E160E00D5F197 /* lindale-intentsUI.appex */;
			productType = "com.apple.product-type.app-extension";
		};
		F2F4FFB7215E169D00D5F197 /* lindale-watch-intents */ = {
			isa = PBXNativeTarget;
			buildConfigurationList = F2F4FFC0215E169E00D5F197 /* Build configuration list for PBXNativeTarget "lindale-watch-intents" */;
			buildPhases = (
				F2F4FFB4215E169D00D5F197 /* Sources */,
				F2F4FFB5215E169D00D5F197 /* Frameworks */,
				F2F4FFB6215E169D00D5F197 /* Resources */,
			);
			buildRules = (
			);
			dependencies = (
			);
			name = "lindale-watch-intents";
			productName = "lindale-watch-intents";
			productReference = F2F4FFB8215E169D00D5F197 /* lindale-watch-intents.appex */;
			productType = "com.apple.product-type.app-extension.intents-service";
		};
/* End PBXNativeTarget section */

/* Begin PBXProject section */
		F29DBB6A21381F9E009DA744 /* Project object */ = {
			isa = PBXProject;
			attributes = {
				LastSwiftUpdateCheck = 1000;
				LastUpgradeCheck = 0940;
				ORGANIZATIONNAME = lindelin;
				TargetAttributes = {
					F29DBB7121381F9E009DA744 = {
						CreatedOnToolsVersion = 9.4.1;
						LastSwiftMigration = 1000;
						SystemCapabilities = {
							com.apple.ApplicationGroups.iOS = {
								enabled = 1;
							};
							com.apple.Keychain = {
								enabled = 1;
							};
							com.apple.Siri = {
								enabled = 1;
							};
						};
					};
					F2E0D1DD214A342C00023905 = {
						CreatedOnToolsVersion = 9.4.1;
						SystemCapabilities = {
							com.apple.ApplicationGroups.iOS = {
								enabled = 0;
							};
						};
					};
					F2E0D1E9214A342D00023905 = {
						CreatedOnToolsVersion = 9.4.1;
						LastSwiftMigration = 1000;
						SystemCapabilities = {
							com.apple.ApplicationGroups.iOS = {
								enabled = 1;
							};
							com.apple.Siri = {
								enabled = 1;
							};
						};
					};
					F2F4FF91215E160E00D5F197 = {
						CreatedOnToolsVersion = 10.0;
						SystemCapabilities = {
							com.apple.ApplicationGroups.iOS = {
								enabled = 1;
							};
						};
					};
					F2F4FF9A215E160E00D5F197 = {
						CreatedOnToolsVersion = 10.0;
						SystemCapabilities = {
							com.apple.ApplicationGroups.iOS = {
								enabled = 0;
							};
						};
					};
					F2F4FFB7215E169D00D5F197 = {
						CreatedOnToolsVersion = 10.0;
						SystemCapabilities = {
							com.apple.ApplicationGroups.iOS = {
								enabled = 1;
							};
						};
					};
				};
			};
			buildConfigurationList = F29DBB6D21381F9E009DA744 /* Build configuration list for PBXProject "lindale-ios" */;
			compatibilityVersion = "Xcode 9.3";
			developmentRegion = en;
			hasScannedForEncodings = 0;
			knownRegions = (
				en,
				Base,
			);
			mainGroup = F29DBB6921381F9E009DA744;
			productRefGroup = F29DBB7321381F9E009DA744 /* Products */;
			projectDirPath = "";
			projectRoot = "";
			targets = (
				F29DBB7121381F9E009DA744 /* lindale-ios */,
				F2E0D1DD214A342C00023905 /* lindale-watch */,
				F2E0D1E9214A342D00023905 /* lindale-watch Extension */,
				F2F4FF91215E160E00D5F197 /* lindale-intents */,
				F2F4FF9A215E160E00D5F197 /* lindale-intentsUI */,
				F2F4FFB7215E169D00D5F197 /* lindale-watch-intents */,
			);
		};
/* End PBXProject section */

/* Begin PBXResourcesBuildPhase section */
		F29DBB7021381F9E009DA744 /* Resources */ = {
			isa = PBXResourcesBuildPhase;
			buildActionMask = 2147483647;
			files = (
				F29DBB8321381F9F009DA744 /* LaunchScreen.storyboard in Resources */,
				F2F46BA0214B9AF3005CD8A9 /* MyTask.storyboard in Resources */,
				F2CAE17321382EC7002C04E7 /* Login.storyboard in Resources */,
				A876AA76214CA57200425ECA /* MyTodo.storyboard in Resources */,
				A8F3563321400486006204D3 /* Project.storyboard in Resources */,
				F29DBB7B21381F9E009DA744 /* Main.storyboard in Resources */,
				F24FB83F213C086D00045DFA /* Assets.xcassets in Resources */,
				F21C50CC21420CBE008218F4 /* Profile.storyboard in Resources */,
				F22364332148BB8B003D03E8 /* GoogleService-Info.plist in Resources */,
				A876AA78214CA69300425ECA /* Settings.storyboard in Resources */,
			);
			runOnlyForDeploymentPostprocessing = 0;
		};
		F2E0D1DC214A342C00023905 /* Resources */ = {
			isa = PBXResourcesBuildPhase;
			buildActionMask = 2147483647;
			files = (
				F2E0D1E4214A342D00023905 /* Assets.xcassets in Resources */,
				F2BB3AB42152593E00AB2632 /* Assets.xcassets in Resources */,
				F2F4FFD6215E259400D5F197 /* Intents.intentdefinition in Resources */,
				F2E0D1E2214A342C00023905 /* Interface.storyboard in Resources */,
			);
			runOnlyForDeploymentPostprocessing = 0;
		};
		F2E0D1E8214A342D00023905 /* Resources */ = {
			isa = PBXResourcesBuildPhase;
			buildActionMask = 2147483647;
			files = (
				F2BB3AB52152593E00AB2632 /* Assets.xcassets in Resources */,
				F2E0D1F6214A342D00023905 /* Assets.xcassets in Resources */,
			);
			runOnlyForDeploymentPostprocessing = 0;
		};
		F2F4FF90215E160E00D5F197 /* Resources */ = {
			isa = PBXResourcesBuildPhase;
			buildActionMask = 2147483647;
			files = (
			);
			runOnlyForDeploymentPostprocessing = 0;
		};
		F2F4FF99215E160E00D5F197 /* Resources */ = {
			isa = PBXResourcesBuildPhase;
			buildActionMask = 2147483647;
			files = (
				F2F4FFA3215E160E00D5F197 /* MainInterface.storyboard in Resources */,
			);
			runOnlyForDeploymentPostprocessing = 0;
		};
		F2F4FFB6215E169D00D5F197 /* Resources */ = {
			isa = PBXResourcesBuildPhase;
			buildActionMask = 2147483647;
			files = (
			);
			runOnlyForDeploymentPostprocessing = 0;
		};
/* End PBXResourcesBuildPhase section */

/* Begin PBXShellScriptBuildPhase section */
		0CDF969FD5D825935242809E /* [CP] Embed Pods Frameworks */ = {
			isa = PBXShellScriptBuildPhase;
			buildActionMask = 2147483647;
			files = (
			);
			inputFileListPaths = (
			);
			inputPaths = (
				"${PODS_ROOT}/Target Support Files/Pods-lindale-watch Extension/Pods-lindale-watch Extension-frameworks.sh",
				"${BUILT_PRODUCTS_DIR}/Alamofire-watchOS/Alamofire.framework",
				"${BUILT_PRODUCTS_DIR}/Moya-watchOS/Moya.framework",
				"${BUILT_PRODUCTS_DIR}/Result-watchOS/Result.framework",
			);
			name = "[CP] Embed Pods Frameworks";
			outputFileListPaths = (
			);
			outputPaths = (
				"${TARGET_BUILD_DIR}/${FRAMEWORKS_FOLDER_PATH}/Alamofire.framework",
				"${TARGET_BUILD_DIR}/${FRAMEWORKS_FOLDER_PATH}/Moya.framework",
				"${TARGET_BUILD_DIR}/${FRAMEWORKS_FOLDER_PATH}/Result.framework",
			);
			runOnlyForDeploymentPostprocessing = 0;
			shellPath = /bin/sh;
			shellScript = "\"${PODS_ROOT}/Target Support Files/Pods-lindale-watch Extension/Pods-lindale-watch Extension-frameworks.sh\"\n";
			showEnvVarsInLog = 0;
		};
		58947900A6FF87A61DA72BCA /* [CP] Embed Pods Frameworks */ = {
			isa = PBXShellScriptBuildPhase;
			buildActionMask = 2147483647;
			files = (
			);
			inputPaths = (
				"${PODS_ROOT}/Target Support Files/Pods-lindale-ios/Pods-lindale-ios-frameworks.sh",
				"${BUILT_PRODUCTS_DIR}/Alamofire-iOS/Alamofire.framework",
				"${BUILT_PRODUCTS_DIR}/Down/Down.framework",
				"${BUILT_PRODUCTS_DIR}/FoldingCell/FoldingCell.framework",
				"${BUILT_PRODUCTS_DIR}/GTMSessionFetcher/GTMSessionFetcher.framework",
				"${BUILT_PRODUCTS_DIR}/GoogleToolboxForMac/GoogleToolboxForMac.framework",
				"${BUILT_PRODUCTS_DIR}/GoogleUtilities/GoogleUtilities.framework",
				"${BUILT_PRODUCTS_DIR}/KRActivityIndicatorView/KRActivityIndicatorView.framework",
				"${BUILT_PRODUCTS_DIR}/KRProgressHUD/KRProgressHUD.framework",
				"${BUILT_PRODUCTS_DIR}/Moya-iOS/Moya.framework",
				"${BUILT_PRODUCTS_DIR}/Pastel/Pastel.framework",
				"${BUILT_PRODUCTS_DIR}/Protobuf/Protobuf.framework",
				"${BUILT_PRODUCTS_DIR}/Result-iOS/Result.framework",
				"${BUILT_PRODUCTS_DIR}/SCLAlertView/SCLAlertView.framework",
				"${BUILT_PRODUCTS_DIR}/leveldb-library/leveldb.framework",
				"${BUILT_PRODUCTS_DIR}/nanopb/nanopb.framework",
			);
			name = "[CP] Embed Pods Frameworks";
			outputPaths = (
				"${TARGET_BUILD_DIR}/${FRAMEWORKS_FOLDER_PATH}/Alamofire.framework",
				"${TARGET_BUILD_DIR}/${FRAMEWORKS_FOLDER_PATH}/Down.framework",
				"${TARGET_BUILD_DIR}/${FRAMEWORKS_FOLDER_PATH}/FoldingCell.framework",
				"${TARGET_BUILD_DIR}/${FRAMEWORKS_FOLDER_PATH}/GTMSessionFetcher.framework",
				"${TARGET_BUILD_DIR}/${FRAMEWORKS_FOLDER_PATH}/GoogleToolboxForMac.framework",
				"${TARGET_BUILD_DIR}/${FRAMEWORKS_FOLDER_PATH}/GoogleUtilities.framework",
				"${TARGET_BUILD_DIR}/${FRAMEWORKS_FOLDER_PATH}/KRActivityIndicatorView.framework",
				"${TARGET_BUILD_DIR}/${FRAMEWORKS_FOLDER_PATH}/KRProgressHUD.framework",
				"${TARGET_BUILD_DIR}/${FRAMEWORKS_FOLDER_PATH}/Moya.framework",
				"${TARGET_BUILD_DIR}/${FRAMEWORKS_FOLDER_PATH}/Pastel.framework",
				"${TARGET_BUILD_DIR}/${FRAMEWORKS_FOLDER_PATH}/Protobuf.framework",
				"${TARGET_BUILD_DIR}/${FRAMEWORKS_FOLDER_PATH}/Result.framework",
				"${TARGET_BUILD_DIR}/${FRAMEWORKS_FOLDER_PATH}/SCLAlertView.framework",
				"${TARGET_BUILD_DIR}/${FRAMEWORKS_FOLDER_PATH}/leveldb.framework",
				"${TARGET_BUILD_DIR}/${FRAMEWORKS_FOLDER_PATH}/nanopb.framework",
			);
			runOnlyForDeploymentPostprocessing = 0;
			shellPath = /bin/sh;
			shellScript = "\"${PODS_ROOT}/Target Support Files/Pods-lindale-ios/Pods-lindale-ios-frameworks.sh\"\n";
			showEnvVarsInLog = 0;
		};
		B11178A88AE765E69D083935 /* [CP] Check Pods Manifest.lock */ = {
			isa = PBXShellScriptBuildPhase;
			buildActionMask = 2147483647;
			files = (
			);
			inputPaths = (
				"${PODS_PODFILE_DIR_PATH}/Podfile.lock",
				"${PODS_ROOT}/Manifest.lock",
			);
			name = "[CP] Check Pods Manifest.lock";
			outputPaths = (
				"$(DERIVED_FILE_DIR)/Pods-lindale-ios-checkManifestLockResult.txt",
			);
			runOnlyForDeploymentPostprocessing = 0;
			shellPath = /bin/sh;
			shellScript = "diff \"${PODS_PODFILE_DIR_PATH}/Podfile.lock\" \"${PODS_ROOT}/Manifest.lock\" > /dev/null\nif [ $? != 0 ] ; then\n    # print error to STDERR\n    echo \"error: The sandbox is not in sync with the Podfile.lock. Run 'pod install' or update your CocoaPods installation.\" >&2\n    exit 1\nfi\n# This output is used by Xcode 'outputs' to avoid re-running this script phase.\necho \"SUCCESS\" > \"${SCRIPT_OUTPUT_FILE_0}\"\n";
			showEnvVarsInLog = 0;
		};
		C8BD10E51A371B29829E4433 /* [CP] Check Pods Manifest.lock */ = {
			isa = PBXShellScriptBuildPhase;
			buildActionMask = 2147483647;
			files = (
			);
			inputFileListPaths = (
			);
			inputPaths = (
				"${PODS_PODFILE_DIR_PATH}/Podfile.lock",
				"${PODS_ROOT}/Manifest.lock",
			);
			name = "[CP] Check Pods Manifest.lock";
			outputFileListPaths = (
			);
			outputPaths = (
				"$(DERIVED_FILE_DIR)/Pods-lindale-watch Extension-checkManifestLockResult.txt",
			);
			runOnlyForDeploymentPostprocessing = 0;
			shellPath = /bin/sh;
			shellScript = "diff \"${PODS_PODFILE_DIR_PATH}/Podfile.lock\" \"${PODS_ROOT}/Manifest.lock\" > /dev/null\nif [ $? != 0 ] ; then\n    # print error to STDERR\n    echo \"error: The sandbox is not in sync with the Podfile.lock. Run 'pod install' or update your CocoaPods installation.\" >&2\n    exit 1\nfi\n# This output is used by Xcode 'outputs' to avoid re-running this script phase.\necho \"SUCCESS\" > \"${SCRIPT_OUTPUT_FILE_0}\"\n";
			showEnvVarsInLog = 0;
		};
/* End PBXShellScriptBuildPhase section */

/* Begin PBXSourcesBuildPhase section */
		F29DBB6E21381F9E009DA744 /* Sources */ = {
			isa = PBXSourcesBuildPhase;
			buildActionMask = 2147483647;
			files = (
				A86384052171CBC900837E1B /* TaskInfoCell.swift in Sources */,
				F2CAE16F21382E5F002C04E7 /* LoginViewController.swift in Sources */,
				A89F87DA21726541004ADEA4 /* TaskActivityCell.swift in Sources */,
				A8DCF834217AF88300839DA4 /* Setting.swift in Sources */,
				F2403B312147B77E004BF3C8 /* Profile.swift in Sources */,
				F2CAE1822138B559002C04E7 /* MainController.swift in Sources */,
				F2F4FFD92160EB2100D5F197 /* ShortcutManager.swift in Sources */,
				F2F46BA3214BAA21005CD8A9 /* MyTaskTableViewController.swift in Sources */,
				F2CAE18C21391905002C04E7 /* ProjectsViewController.swift in Sources */,
				F2CAE1782138414C002C04E7 /* UIHelpers.swift in Sources */,
				F2F4FFC7215E179C00D5F197 /* NSUserActivity+IntentData.swift in Sources */,
				A8DE10AE217B76DF00D1F654 /* NotificationSettingController.swift in Sources */,
				F2A39AEC214D120000BF2AF7 /* MyTodoTableViewController.swift in Sources */,
				F2F4FFDE2160EC0900D5F197 /* Shortcuts.swift in Sources */,
				F22364352148F06E003D03E8 /* ProfileFavoriteCell.swift in Sources */,
				A89F87D821723C02004ADEA4 /* Notification.swift in Sources */,
				A8D013D5217CA4DC0099F11A /* ProfileSettingController.swift in Sources */,
				F2B9D7E0218C49B7009A119A /* FoldingTodoCell.swift in Sources */,
				F2F4FFCD215E1B7000D5F197 /* UserDefaults+DataSource.swift in Sources */,
				F2CAE1842138E410002C04E7 /* Helpers.swift in Sources */,
				A8DCF832217AECB100839DA4 /* LanguageSettingController.swift in Sources */,
				A8C0447C2153DF3B00A75FC1 /* SettingTableViewController.swift in Sources */,
				F2F46BA6214BAA53005CD8A9 /* DefaultTaskCell.swift in Sources */,
				F2CAE1862138F45F002C04E7 /* NetworkService.swift in Sources */,
				F2F4FFD2215E246800D5F197 /* Intents.intentdefinition in Sources */,
				A852D21A214802AC00C2221D /* ProfileStatusCell.swift in Sources */,
				F29DBB7E21381F9E009DA744 /* lindale_ios.xcdatamodeld in Sources */,
				F2F4FFE3216103FF00D5F197 /* TaskIntentHandler.swift in Sources */,
				A8D5A027214422E1002E8D52 /* UITheme.swift in Sources */,
				F2A39AEA214D109100BF2AF7 /* DefaultTodoCell.swift in Sources */,
				F2CAE18E21393610002C04E7 /* ProjectTableViewCell.swift in Sources */,
				A8DCF837217AFDF500839DA4 /* LocaleUpdateController.swift in Sources */,
				A8DE10A7217B4A1600D1F654 /* AccountSettingController.swift in Sources */,
				F21C50CF21420DBB008218F4 /* ProfileTableViewController.swift in Sources */,
				F29DBB7621381F9E009DA744 /* AppDelegate.swift in Sources */,
				F23226C32170908400846250 /* ActivityViewCell.swift in Sources */,
				F2CAE18821390ECC002C04E7 /* Project.swift in Sources */,
				A86384012171C6AC00837E1B /* TaskBasicInfoCell.swift in Sources */,
				A89F87D621722D0A004ADEA4 /* SubTaskCell.swift in Sources */,
				F2DF020C214E1249003E0033 /* Todo.swift in Sources */,
				F2CAE18021384B22002C04E7 /* OAuthService.swift in Sources */,
				F2CAE17D21384A93002C04E7 /* OAuth.swift in Sources */,
				A8250EC2217195C50084C5CE /* MyTaskDetailController.swift in Sources */,
				A8DE10AB217B63C300D1F654 /* Errors.swift in Sources */,
				F2F46BA8214BAD04005CD8A9 /* Task.swift in Sources */,
				F2E0D207214A3F3E00023905 /* WatchService.swift in Sources */,
				A86384032171CB7F00837E1B /* TaskUserInfoCell.swift in Sources */,
			);
			runOnlyForDeploymentPostprocessing = 0;
		};
		F2E0D1E6214A342D00023905 /* Sources */ = {
			isa = PBXSourcesBuildPhase;
			buildActionMask = 2147483647;
			files = (
				F2F4FFDF2160EC0900D5F197 /* Shortcuts.swift in Sources */,
				A87EEFB3214A92F5009C8E61 /* Helpers.swift in Sources */,
				F2BB3AAE215215C000AB2632 /* TasksController.swift in Sources */,
				F2F4FFD3215E246800D5F197 /* Intents.intentdefinition in Sources */,
				F2F4FFCE215E1B7000D5F197 /* UserDefaults+DataSource.swift in Sources */,
				F2A4FCBD216586C700E0C35E /* NetworkService.swift in Sources */,
				F2F4FFC9215E1B5000D5F197 /* NSUserActivity+IntentData.swift in Sources */,
				A880F77D216B9685007791DD /* Todo.swift in Sources */,
				F2F4FFE4216103FF00D5F197 /* TaskIntentHandler.swift in Sources */,
				A880F77F216B97B1007791DD /* TodosController.swift in Sources */,
				F2E156BC216DDDAE001E4535 /* MenuController.swift in Sources */,
				F2A4FCBB216586B100E0C35E /* OAuth.swift in Sources */,
				F2EC8132216C8069009B0DDD /* ProgressController.swift in Sources */,
				A880F779216B4B33007791DD /* SyncController.swift in Sources */,
				A880F77B216B95AC007791DD /* DefaultTodoRow.swift in Sources */,
				F2A4FCBA216586B100E0C35E /* Task.swift in Sources */,
				F2E0D1F4214A342D00023905 /* NotificationController.swift in Sources */,
				F2F4FFDA2160EB2100D5F197 /* ShortcutManager.swift in Sources */,
				F2E0D20A214A401800023905 /* WatchService.swift in Sources */,
				F2E0D1F2214A342D00023905 /* ExtensionDelegate.swift in Sources */,
				F2EC8134216C868D009B0DDD /* Profile.swift in Sources */,
				F2BB3AB3215254B100AB2632 /* UITheme.swift in Sources */,
				F2BB3AB121524FAD00AB2632 /* DefaultTaskRow.swift in Sources */,
			);
			runOnlyForDeploymentPostprocessing = 0;
		};
		F2F4FF8E215E160E00D5F197 /* Sources */ = {
			isa = PBXSourcesBuildPhase;
			buildActionMask = 2147483647;
			files = (
				F2F4FFE5216103FF00D5F197 /* TaskIntentHandler.swift in Sources */,
				F2F4FFCF215E1B7000D5F197 /* UserDefaults+DataSource.swift in Sources */,
				F2F4FFCA215E1B5100D5F197 /* NSUserActivity+IntentData.swift in Sources */,
				F2F4FFD4215E246800D5F197 /* Intents.intentdefinition in Sources */,
				F2F4FFE02160EC0900D5F197 /* Shortcuts.swift in Sources */,
				F2F4FF95215E160E00D5F197 /* IntentHandler.swift in Sources */,
				F2F4FFDB2160EB2100D5F197 /* ShortcutManager.swift in Sources */,
			);
			runOnlyForDeploymentPostprocessing = 0;
		};
		F2F4FF97215E160E00D5F197 /* Sources */ = {
			isa = PBXSourcesBuildPhase;
			buildActionMask = 2147483647;
			files = (
				F2F4FFD7215E259500D5F197 /* Intents.intentdefinition in Sources */,
				F2F4FFA0215E160E00D5F197 /* IntentViewController.swift in Sources */,
			);
			runOnlyForDeploymentPostprocessing = 0;
		};
		F2F4FFB4215E169D00D5F197 /* Sources */ = {
			isa = PBXSourcesBuildPhase;
			buildActionMask = 2147483647;
			files = (
				F2F4FFE6216103FF00D5F197 /* TaskIntentHandler.swift in Sources */,
				F2F4FFD0215E1B7000D5F197 /* UserDefaults+DataSource.swift in Sources */,
				F2F4FFCB215E1B5200D5F197 /* NSUserActivity+IntentData.swift in Sources */,
				F2F4FFD5215E246800D5F197 /* Intents.intentdefinition in Sources */,
				F2F4FFE12160EC0900D5F197 /* Shortcuts.swift in Sources */,
				F2F4FFBB215E169E00D5F197 /* IntentHandler.swift in Sources */,
				F2F4FFDC2160EB2100D5F197 /* ShortcutManager.swift in Sources */,
			);
			runOnlyForDeploymentPostprocessing = 0;
		};
/* End PBXSourcesBuildPhase section */

/* Begin PBXTargetDependency section */
		F2E0D1ED214A342D00023905 /* PBXTargetDependency */ = {
			isa = PBXTargetDependency;
			target = F2E0D1E9214A342D00023905 /* lindale-watch Extension */;
			targetProxy = F2E0D1EC214A342D00023905 /* PBXContainerItemProxy */;
		};
		F2E0D1FA214A342D00023905 /* PBXTargetDependency */ = {
			isa = PBXTargetDependency;
			target = F2E0D1DD214A342C00023905 /* lindale-watch */;
			targetProxy = F2E0D1F9214A342D00023905 /* PBXContainerItemProxy */;
		};
		F2F4FFA6215E160E00D5F197 /* PBXTargetDependency */ = {
			isa = PBXTargetDependency;
			target = F2F4FF9A215E160E00D5F197 /* lindale-intentsUI */;
			targetProxy = F2F4FFA5215E160E00D5F197 /* PBXContainerItemProxy */;
		};
		F2F4FFA9215E160E00D5F197 /* PBXTargetDependency */ = {
			isa = PBXTargetDependency;
			target = F2F4FF91215E160E00D5F197 /* lindale-intents */;
			targetProxy = F2F4FFA8215E160E00D5F197 /* PBXContainerItemProxy */;
		};
		F2F4FFBE215E169E00D5F197 /* PBXTargetDependency */ = {
			isa = PBXTargetDependency;
			target = F2F4FFB7215E169D00D5F197 /* lindale-watch-intents */;
			targetProxy = F2F4FFBD215E169E00D5F197 /* PBXContainerItemProxy */;
		};
/* End PBXTargetDependency section */

/* Begin PBXVariantGroup section */
		F29DBB7921381F9E009DA744 /* Main.storyboard */ = {
			isa = PBXVariantGroup;
			children = (
				F29DBB7A21381F9E009DA744 /* Base */,
			);
			name = Main.storyboard;
			sourceTree = "<group>";
		};
		F29DBB8121381F9F009DA744 /* LaunchScreen.storyboard */ = {
			isa = PBXVariantGroup;
			children = (
				F29DBB8221381F9F009DA744 /* Base */,
			);
			name = LaunchScreen.storyboard;
			sourceTree = "<group>";
		};
		F2E0D1E0214A342C00023905 /* Interface.storyboard */ = {
			isa = PBXVariantGroup;
			children = (
				F2E0D1E1214A342C00023905 /* Base */,
			);
			name = Interface.storyboard;
			sourceTree = "<group>";
		};
		F2F4FFA1215E160E00D5F197 /* MainInterface.storyboard */ = {
			isa = PBXVariantGroup;
			children = (
				F2F4FFA2215E160E00D5F197 /* Base */,
			);
			name = MainInterface.storyboard;
			sourceTree = "<group>";
		};
/* End PBXVariantGroup section */

/* Begin XCBuildConfiguration section */
		F29DBB9B21381F9F009DA744 /* Debug */ = {
			isa = XCBuildConfiguration;
			buildSettings = {
				ALWAYS_SEARCH_USER_PATHS = NO;
				CLANG_ANALYZER_NONNULL = YES;
				CLANG_ANALYZER_NUMBER_OBJECT_CONVERSION = YES_AGGRESSIVE;
				CLANG_CXX_LANGUAGE_STANDARD = "gnu++14";
				CLANG_CXX_LIBRARY = "libc++";
				CLANG_ENABLE_MODULES = YES;
				CLANG_ENABLE_OBJC_ARC = YES;
				CLANG_ENABLE_OBJC_WEAK = YES;
				CLANG_WARN_BLOCK_CAPTURE_AUTORELEASING = YES;
				CLANG_WARN_BOOL_CONVERSION = YES;
				CLANG_WARN_COMMA = YES;
				CLANG_WARN_CONSTANT_CONVERSION = YES;
				CLANG_WARN_DEPRECATED_OBJC_IMPLEMENTATIONS = YES;
				CLANG_WARN_DIRECT_OBJC_ISA_USAGE = YES_ERROR;
				CLANG_WARN_DOCUMENTATION_COMMENTS = YES;
				CLANG_WARN_EMPTY_BODY = YES;
				CLANG_WARN_ENUM_CONVERSION = YES;
				CLANG_WARN_INFINITE_RECURSION = YES;
				CLANG_WARN_INT_CONVERSION = YES;
				CLANG_WARN_NON_LITERAL_NULL_CONVERSION = YES;
				CLANG_WARN_OBJC_IMPLICIT_RETAIN_SELF = YES;
				CLANG_WARN_OBJC_LITERAL_CONVERSION = YES;
				CLANG_WARN_OBJC_ROOT_CLASS = YES_ERROR;
				CLANG_WARN_RANGE_LOOP_ANALYSIS = YES;
				CLANG_WARN_STRICT_PROTOTYPES = YES;
				CLANG_WARN_SUSPICIOUS_MOVE = YES;
				CLANG_WARN_UNGUARDED_AVAILABILITY = YES_AGGRESSIVE;
				CLANG_WARN_UNREACHABLE_CODE = YES;
				CLANG_WARN__DUPLICATE_METHOD_MATCH = YES;
				CODE_SIGN_IDENTITY = "iPhone Developer";
				COPY_PHASE_STRIP = NO;
				DEBUG_INFORMATION_FORMAT = dwarf;
				ENABLE_STRICT_OBJC_MSGSEND = YES;
				ENABLE_TESTABILITY = YES;
				GCC_C_LANGUAGE_STANDARD = gnu11;
				GCC_DYNAMIC_NO_PIC = NO;
				GCC_NO_COMMON_BLOCKS = YES;
				GCC_OPTIMIZATION_LEVEL = 0;
				GCC_PREPROCESSOR_DEFINITIONS = (
					"DEBUG=1",
					"$(inherited)",
				);
				GCC_WARN_64_TO_32_BIT_CONVERSION = YES;
				GCC_WARN_ABOUT_RETURN_TYPE = YES_ERROR;
				GCC_WARN_UNDECLARED_SELECTOR = YES;
				GCC_WARN_UNINITIALIZED_AUTOS = YES_AGGRESSIVE;
				GCC_WARN_UNUSED_FUNCTION = YES;
				GCC_WARN_UNUSED_VARIABLE = YES;
				IPHONEOS_DEPLOYMENT_TARGET = 11.4;
				MTL_ENABLE_DEBUG_INFO = YES;
				ONLY_ACTIVE_ARCH = YES;
				SDKROOT = iphoneos;
				SWIFT_ACTIVE_COMPILATION_CONDITIONS = DEBUG;
				SWIFT_OPTIMIZATION_LEVEL = "-Onone";
			};
			name = Debug;
		};
		F29DBB9C21381F9F009DA744 /* Release */ = {
			isa = XCBuildConfiguration;
			buildSettings = {
				ALWAYS_SEARCH_USER_PATHS = NO;
				CLANG_ANALYZER_NONNULL = YES;
				CLANG_ANALYZER_NUMBER_OBJECT_CONVERSION = YES_AGGRESSIVE;
				CLANG_CXX_LANGUAGE_STANDARD = "gnu++14";
				CLANG_CXX_LIBRARY = "libc++";
				CLANG_ENABLE_MODULES = YES;
				CLANG_ENABLE_OBJC_ARC = YES;
				CLANG_ENABLE_OBJC_WEAK = YES;
				CLANG_WARN_BLOCK_CAPTURE_AUTORELEASING = YES;
				CLANG_WARN_BOOL_CONVERSION = YES;
				CLANG_WARN_COMMA = YES;
				CLANG_WARN_CONSTANT_CONVERSION = YES;
				CLANG_WARN_DEPRECATED_OBJC_IMPLEMENTATIONS = YES;
				CLANG_WARN_DIRECT_OBJC_ISA_USAGE = YES_ERROR;
				CLANG_WARN_DOCUMENTATION_COMMENTS = YES;
				CLANG_WARN_EMPTY_BODY = YES;
				CLANG_WARN_ENUM_CONVERSION = YES;
				CLANG_WARN_INFINITE_RECURSION = YES;
				CLANG_WARN_INT_CONVERSION = YES;
				CLANG_WARN_NON_LITERAL_NULL_CONVERSION = YES;
				CLANG_WARN_OBJC_IMPLICIT_RETAIN_SELF = YES;
				CLANG_WARN_OBJC_LITERAL_CONVERSION = YES;
				CLANG_WARN_OBJC_ROOT_CLASS = YES_ERROR;
				CLANG_WARN_RANGE_LOOP_ANALYSIS = YES;
				CLANG_WARN_STRICT_PROTOTYPES = YES;
				CLANG_WARN_SUSPICIOUS_MOVE = YES;
				CLANG_WARN_UNGUARDED_AVAILABILITY = YES_AGGRESSIVE;
				CLANG_WARN_UNREACHABLE_CODE = YES;
				CLANG_WARN__DUPLICATE_METHOD_MATCH = YES;
				CODE_SIGN_IDENTITY = "iPhone Developer";
				COPY_PHASE_STRIP = NO;
				DEBUG_INFORMATION_FORMAT = "dwarf-with-dsym";
				ENABLE_NS_ASSERTIONS = NO;
				ENABLE_STRICT_OBJC_MSGSEND = YES;
				GCC_C_LANGUAGE_STANDARD = gnu11;
				GCC_NO_COMMON_BLOCKS = YES;
				GCC_WARN_64_TO_32_BIT_CONVERSION = YES;
				GCC_WARN_ABOUT_RETURN_TYPE = YES_ERROR;
				GCC_WARN_UNDECLARED_SELECTOR = YES;
				GCC_WARN_UNINITIALIZED_AUTOS = YES_AGGRESSIVE;
				GCC_WARN_UNUSED_FUNCTION = YES;
				GCC_WARN_UNUSED_VARIABLE = YES;
				IPHONEOS_DEPLOYMENT_TARGET = 11.4;
				MTL_ENABLE_DEBUG_INFO = NO;
				SDKROOT = iphoneos;
				SWIFT_COMPILATION_MODE = wholemodule;
				SWIFT_OPTIMIZATION_LEVEL = "-O";
				VALIDATE_PRODUCT = YES;
			};
			name = Release;
		};
		F29DBB9E21381F9F009DA744 /* Debug */ = {
			isa = XCBuildConfiguration;
			baseConfigurationReference = 80834410CF37731B85DB0A37 /* Pods-lindale-ios.debug.xcconfig */;
			buildSettings = {
				ALWAYS_EMBED_SWIFT_STANDARD_LIBRARIES = YES;
				ASSETCATALOG_COMPILER_APPICON_NAME = AppIcon;
				CODE_SIGN_ENTITLEMENTS = "lindale-ios/lindale-ios.entitlements";
				CODE_SIGN_STYLE = Automatic;
				DEVELOPMENT_TEAM = QDZ72V563C;
				INFOPLIST_FILE = "lindale-ios/Info.plist";
				IPHONEOS_DEPLOYMENT_TARGET = 12.0;
				LD_RUNPATH_SEARCH_PATHS = (
					"$(inherited)",
					"@executable_path/Frameworks",
				);
				PRODUCT_BUNDLE_IDENTIFIER = "org.lindelin.lindale-ios";
				PRODUCT_NAME = "$(TARGET_NAME)";
				SWIFT_VERSION = 4.2;
				TARGETED_DEVICE_FAMILY = 1;
			};
			name = Debug;
		};
		F29DBB9F21381F9F009DA744 /* Release */ = {
			isa = XCBuildConfiguration;
			baseConfigurationReference = 7F27E2C47B186AB1908D614A /* Pods-lindale-ios.release.xcconfig */;
			buildSettings = {
				ALWAYS_EMBED_SWIFT_STANDARD_LIBRARIES = YES;
				ASSETCATALOG_COMPILER_APPICON_NAME = AppIcon;
				CODE_SIGN_ENTITLEMENTS = "lindale-ios/lindale-ios.entitlements";
				CODE_SIGN_STYLE = Automatic;
				DEVELOPMENT_TEAM = QDZ72V563C;
				INFOPLIST_FILE = "lindale-ios/Info.plist";
				IPHONEOS_DEPLOYMENT_TARGET = 12.0;
				LD_RUNPATH_SEARCH_PATHS = (
					"$(inherited)",
					"@executable_path/Frameworks",
				);
				PRODUCT_BUNDLE_IDENTIFIER = "org.lindelin.lindale-ios";
				PRODUCT_NAME = "$(TARGET_NAME)";
				SWIFT_VERSION = 4.2;
				TARGETED_DEVICE_FAMILY = 1;
			};
			name = Release;
		};
		F2E0D1FC214A342D00023905 /* Debug */ = {
			isa = XCBuildConfiguration;
			buildSettings = {
				ALWAYS_EMBED_SWIFT_STANDARD_LIBRARIES = YES;
				ASSETCATALOG_COMPILER_APPICON_NAME = AppIcon;
				CODE_SIGN_STYLE = Automatic;
				DEVELOPMENT_TEAM = QDZ72V563C;
				IBSC_MODULE = lindale_watch_Extension;
				INFOPLIST_FILE = "lindale-watch/Info.plist";
				PRODUCT_BUNDLE_IDENTIFIER = "org.lindelin.lindale-ios.watchkitapp";
				PRODUCT_NAME = "$(TARGET_NAME)";
				SDKROOT = watchos;
				SKIP_INSTALL = YES;
				SWIFT_VERSION = 4.0;
				TARGETED_DEVICE_FAMILY = 4;
				WATCHOS_DEPLOYMENT_TARGET = 5.0;
			};
			name = Debug;
		};
		F2E0D1FD214A342D00023905 /* Release */ = {
			isa = XCBuildConfiguration;
			buildSettings = {
				ALWAYS_EMBED_SWIFT_STANDARD_LIBRARIES = YES;
				ASSETCATALOG_COMPILER_APPICON_NAME = AppIcon;
				CODE_SIGN_STYLE = Automatic;
				DEVELOPMENT_TEAM = QDZ72V563C;
				IBSC_MODULE = lindale_watch_Extension;
				INFOPLIST_FILE = "lindale-watch/Info.plist";
				PRODUCT_BUNDLE_IDENTIFIER = "org.lindelin.lindale-ios.watchkitapp";
				PRODUCT_NAME = "$(TARGET_NAME)";
				SDKROOT = watchos;
				SKIP_INSTALL = YES;
				SWIFT_VERSION = 4.0;
				TARGETED_DEVICE_FAMILY = 4;
				WATCHOS_DEPLOYMENT_TARGET = 5.0;
			};
			name = Release;
		};
		F2E0D1FE214A342D00023905 /* Debug */ = {
			isa = XCBuildConfiguration;
			baseConfigurationReference = 19BC686EC0AF598B7D343767 /* Pods-lindale-watch Extension.debug.xcconfig */;
			buildSettings = {
				ASSETCATALOG_COMPILER_COMPLICATION_NAME = Complication;
				CODE_SIGN_ENTITLEMENTS = "lindale-watch Extension/lindale-watch Extension.entitlements";
				CODE_SIGN_STYLE = Automatic;
				DEVELOPMENT_TEAM = QDZ72V563C;
				INFOPLIST_FILE = "lindale-watch Extension/Info.plist";
				LD_RUNPATH_SEARCH_PATHS = (
					"$(inherited)",
					"@executable_path/Frameworks",
					"@executable_path/../../Frameworks",
				);
				PRODUCT_BUNDLE_IDENTIFIER = "org.lindelin.lindale-ios.watchkitapp.watchkitextension";
				PRODUCT_NAME = "${TARGET_NAME}";
				SDKROOT = watchos;
				SKIP_INSTALL = YES;
				SWIFT_VERSION = 4.2;
				TARGETED_DEVICE_FAMILY = 4;
				WATCHOS_DEPLOYMENT_TARGET = 5.0;
			};
			name = Debug;
		};
		F2E0D1FF214A342D00023905 /* Release */ = {
			isa = XCBuildConfiguration;
			baseConfigurationReference = B1E1EABB4EECFC6B36E744B5 /* Pods-lindale-watch Extension.release.xcconfig */;
			buildSettings = {
				ASSETCATALOG_COMPILER_COMPLICATION_NAME = Complication;
				CODE_SIGN_ENTITLEMENTS = "lindale-watch Extension/lindale-watch Extension.entitlements";
				CODE_SIGN_STYLE = Automatic;
				DEVELOPMENT_TEAM = QDZ72V563C;
				INFOPLIST_FILE = "lindale-watch Extension/Info.plist";
				LD_RUNPATH_SEARCH_PATHS = (
					"$(inherited)",
					"@executable_path/Frameworks",
					"@executable_path/../../Frameworks",
				);
				PRODUCT_BUNDLE_IDENTIFIER = "org.lindelin.lindale-ios.watchkitapp.watchkitextension";
				PRODUCT_NAME = "${TARGET_NAME}";
				SDKROOT = watchos;
				SKIP_INSTALL = YES;
				SWIFT_VERSION = 4.2;
				TARGETED_DEVICE_FAMILY = 4;
				WATCHOS_DEPLOYMENT_TARGET = 5.0;
			};
			name = Release;
		};
		F2F4FFAC215E160E00D5F197 /* Debug */ = {
			isa = XCBuildConfiguration;
			buildSettings = {
				CODE_SIGN_STYLE = Automatic;
				DEVELOPMENT_TEAM = QDZ72V563C;
				INFOPLIST_FILE = "lindale-intentsUI/Info.plist";
				IPHONEOS_DEPLOYMENT_TARGET = 12.0;
				LD_RUNPATH_SEARCH_PATHS = (
					"$(inherited)",
					"@executable_path/Frameworks",
					"@executable_path/../../Frameworks",
				);
				MTL_ENABLE_DEBUG_INFO = INCLUDE_SOURCE;
				MTL_FAST_MATH = YES;
				PRODUCT_BUNDLE_IDENTIFIER = "org.lindelin.lindale-ios.lindale-intentsUI";
				PRODUCT_NAME = "$(TARGET_NAME)";
				SKIP_INSTALL = YES;
				SWIFT_VERSION = 4.2;
				TARGETED_DEVICE_FAMILY = "1,2";
			};
			name = Debug;
		};
		F2F4FFAD215E160E00D5F197 /* Release */ = {
			isa = XCBuildConfiguration;
			buildSettings = {
				CODE_SIGN_STYLE = Automatic;
				DEVELOPMENT_TEAM = QDZ72V563C;
				INFOPLIST_FILE = "lindale-intentsUI/Info.plist";
				IPHONEOS_DEPLOYMENT_TARGET = 12.0;
				LD_RUNPATH_SEARCH_PATHS = (
					"$(inherited)",
					"@executable_path/Frameworks",
					"@executable_path/../../Frameworks",
				);
				MTL_FAST_MATH = YES;
				PRODUCT_BUNDLE_IDENTIFIER = "org.lindelin.lindale-ios.lindale-intentsUI";
				PRODUCT_NAME = "$(TARGET_NAME)";
				SKIP_INSTALL = YES;
				SWIFT_VERSION = 4.2;
				TARGETED_DEVICE_FAMILY = "1,2";
			};
			name = Release;
		};
		F2F4FFAF215E160E00D5F197 /* Debug */ = {
			isa = XCBuildConfiguration;
			buildSettings = {
				CODE_SIGN_ENTITLEMENTS = "lindale-intents/lindale-intents.entitlements";
				CODE_SIGN_STYLE = Automatic;
				DEVELOPMENT_TEAM = QDZ72V563C;
				INFOPLIST_FILE = "lindale-intents/Info.plist";
				IPHONEOS_DEPLOYMENT_TARGET = 12.0;
				LD_RUNPATH_SEARCH_PATHS = (
					"$(inherited)",
					"@executable_path/Frameworks",
					"@executable_path/../../Frameworks",
				);
				MTL_ENABLE_DEBUG_INFO = INCLUDE_SOURCE;
				MTL_FAST_MATH = YES;
				PRODUCT_BUNDLE_IDENTIFIER = "org.lindelin.lindale-ios.lindale-intents";
				PRODUCT_NAME = "$(TARGET_NAME)";
				SKIP_INSTALL = YES;
				SWIFT_VERSION = 4.2;
				TARGETED_DEVICE_FAMILY = "1,2";
			};
			name = Debug;
		};
		F2F4FFB0215E160E00D5F197 /* Release */ = {
			isa = XCBuildConfiguration;
			buildSettings = {
				CODE_SIGN_ENTITLEMENTS = "lindale-intents/lindale-intents.entitlements";
				CODE_SIGN_STYLE = Automatic;
				DEVELOPMENT_TEAM = QDZ72V563C;
				INFOPLIST_FILE = "lindale-intents/Info.plist";
				IPHONEOS_DEPLOYMENT_TARGET = 12.0;
				LD_RUNPATH_SEARCH_PATHS = (
					"$(inherited)",
					"@executable_path/Frameworks",
					"@executable_path/../../Frameworks",
				);
				MTL_FAST_MATH = YES;
				PRODUCT_BUNDLE_IDENTIFIER = "org.lindelin.lindale-ios.lindale-intents";
				PRODUCT_NAME = "$(TARGET_NAME)";
				SKIP_INSTALL = YES;
				SWIFT_VERSION = 4.2;
				TARGETED_DEVICE_FAMILY = "1,2";
			};
			name = Release;
		};
		F2F4FFC1215E169E00D5F197 /* Debug */ = {
			isa = XCBuildConfiguration;
			buildSettings = {
				CODE_SIGN_ENTITLEMENTS = "lindale-watch-intents/lindale-watch-intents.entitlements";
				CODE_SIGN_STYLE = Automatic;
				DEVELOPMENT_TEAM = QDZ72V563C;
				INFOPLIST_FILE = "lindale-watch-intents/Info.plist";
				LD_RUNPATH_SEARCH_PATHS = (
					"$(inherited)",
					"@executable_path/Frameworks",
					"@executable_path/../../Frameworks",
					"@executable_path/../../../../Frameworks",
				);
				MTL_ENABLE_DEBUG_INFO = INCLUDE_SOURCE;
				MTL_FAST_MATH = YES;
				PRODUCT_BUNDLE_IDENTIFIER = "org.lindelin.lindale-ios.watchkitapp.watchkitextension.lindale-watch-intents";
				PRODUCT_NAME = "$(TARGET_NAME)";
				SDKROOT = watchos;
				SKIP_INSTALL = YES;
				SWIFT_VERSION = 4.2;
				TARGETED_DEVICE_FAMILY = 4;
				WATCHOS_DEPLOYMENT_TARGET = 5.0;
			};
			name = Debug;
		};
		F2F4FFC2215E169E00D5F197 /* Release */ = {
			isa = XCBuildConfiguration;
			buildSettings = {
				CODE_SIGN_ENTITLEMENTS = "lindale-watch-intents/lindale-watch-intents.entitlements";
				CODE_SIGN_STYLE = Automatic;
				DEVELOPMENT_TEAM = QDZ72V563C;
				INFOPLIST_FILE = "lindale-watch-intents/Info.plist";
				LD_RUNPATH_SEARCH_PATHS = (
					"$(inherited)",
					"@executable_path/Frameworks",
					"@executable_path/../../Frameworks",
					"@executable_path/../../../../Frameworks",
				);
				MTL_FAST_MATH = YES;
				PRODUCT_BUNDLE_IDENTIFIER = "org.lindelin.lindale-ios.watchkitapp.watchkitextension.lindale-watch-intents";
				PRODUCT_NAME = "$(TARGET_NAME)";
				SDKROOT = watchos;
				SKIP_INSTALL = YES;
				SWIFT_VERSION = 4.2;
				TARGETED_DEVICE_FAMILY = 4;
				WATCHOS_DEPLOYMENT_TARGET = 5.0;
			};
			name = Release;
		};
/* End XCBuildConfiguration section */

/* Begin XCConfigurationList section */
		F29DBB6D21381F9E009DA744 /* Build configuration list for PBXProject "lindale-ios" */ = {
			isa = XCConfigurationList;
			buildConfigurations = (
				F29DBB9B21381F9F009DA744 /* Debug */,
				F29DBB9C21381F9F009DA744 /* Release */,
			);
			defaultConfigurationIsVisible = 0;
			defaultConfigurationName = Release;
		};
		F29DBB9D21381F9F009DA744 /* Build configuration list for PBXNativeTarget "lindale-ios" */ = {
			isa = XCConfigurationList;
			buildConfigurations = (
				F29DBB9E21381F9F009DA744 /* Debug */,
				F29DBB9F21381F9F009DA744 /* Release */,
			);
			defaultConfigurationIsVisible = 0;
			defaultConfigurationName = Release;
		};
		F2E0D200214A342D00023905 /* Build configuration list for PBXNativeTarget "lindale-watch Extension" */ = {
			isa = XCConfigurationList;
			buildConfigurations = (
				F2E0D1FE214A342D00023905 /* Debug */,
				F2E0D1FF214A342D00023905 /* Release */,
			);
			defaultConfigurationIsVisible = 0;
			defaultConfigurationName = Release;
		};
		F2E0D202214A342D00023905 /* Build configuration list for PBXNativeTarget "lindale-watch" */ = {
			isa = XCConfigurationList;
			buildConfigurations = (
				F2E0D1FC214A342D00023905 /* Debug */,
				F2E0D1FD214A342D00023905 /* Release */,
			);
			defaultConfigurationIsVisible = 0;
			defaultConfigurationName = Release;
		};
		F2F4FFAB215E160E00D5F197 /* Build configuration list for PBXNativeTarget "lindale-intentsUI" */ = {
			isa = XCConfigurationList;
			buildConfigurations = (
				F2F4FFAC215E160E00D5F197 /* Debug */,
				F2F4FFAD215E160E00D5F197 /* Release */,
			);
			defaultConfigurationIsVisible = 0;
			defaultConfigurationName = Release;
		};
		F2F4FFAE215E160E00D5F197 /* Build configuration list for PBXNativeTarget "lindale-intents" */ = {
			isa = XCConfigurationList;
			buildConfigurations = (
				F2F4FFAF215E160E00D5F197 /* Debug */,
				F2F4FFB0215E160E00D5F197 /* Release */,
			);
			defaultConfigurationIsVisible = 0;
			defaultConfigurationName = Release;
		};
		F2F4FFC0215E169E00D5F197 /* Build configuration list for PBXNativeTarget "lindale-watch-intents" */ = {
			isa = XCConfigurationList;
			buildConfigurations = (
				F2F4FFC1215E169E00D5F197 /* Debug */,
				F2F4FFC2215E169E00D5F197 /* Release */,
			);
			defaultConfigurationIsVisible = 0;
			defaultConfigurationName = Release;
		};
/* End XCConfigurationList section */

/* Begin XCVersionGroup section */
		F29DBB7C21381F9E009DA744 /* lindale_ios.xcdatamodeld */ = {
			isa = XCVersionGroup;
			children = (
				F29DBB7D21381F9E009DA744 /* lindale_ios.xcdatamodel */,
			);
			currentVersion = F29DBB7D21381F9E009DA744 /* lindale_ios.xcdatamodel */;
			path = lindale_ios.xcdatamodeld;
			sourceTree = "<group>";
			versionGroupType = wrapper.xcdatamodel;
		};
/* End XCVersionGroup section */
	};
	rootObject = F29DBB6A21381F9E009DA744 /* Project object */;
}
